{
  "version": 4,
  "terraform_version": "1.0.8",
  "serial": 176,
  "lineage": "b171c8f9-759c-4f60-1e52-8c9e53fab23a",
  "outputs": {
    "external_ip_address_db": {
      "value": [
        "178.154.213.7"
      ],
      "type": [
        "tuple",
        [
          "string"
        ]
      ]
    },
    "external_ip_address_fe0": {
      "value": "178.154.208.16",
      "type": "string"
    },
    "external_ip_address_fe1": {
      "value": "178.154.215.240",
      "type": "string"
    },
    "external_ip_address_iscsi": {
      "value": [
        "178.154.208.9"
      ],
      "type": [
        "tuple",
        [
          "string"
        ]
      ]
    },
    "external_ip_address_origin": {
      "value": [
        "178.154.211.175"
      ],
      "type": [
        "tuple",
        [
          "string"
        ]
      ]
    },
    "external_ip_address_web0": {
      "value": "178.154.210.130",
      "type": "string"
    },
    "external_ip_address_web1": {
      "value": "178.154.214.242",
      "type": "string"
    },
    "external_ip_address_web2": {
      "value": "130.193.46.237",
      "type": "string"
    },
    "hostname_web0": {
      "value": "ef3qn38207j4kmos7bt7",
      "type": "string"
    },
    "hostname_web1": {
      "value": "ef3b3n1ptqk5im0jl1pf",
      "type": "string"
    },
    "hostname_web2": {
      "value": "ef31j3155it4s4d7stt3",
      "type": "string"
    },
    "internal_ip_address_db": {
      "value": [
        "192.168.6.11"
      ],
      "type": [
        "tuple",
        [
          "string"
        ]
      ]
    },
    "internal_ip_address_fe0": {
      "value": "192.168.6.4",
      "type": "string"
    },
    "internal_ip_address_fe1": {
      "value": "192.168.6.5",
      "type": "string"
    },
    "internal_ip_address_iscsi": {
      "value": [
        "192.168.6.12"
      ],
      "type": [
        "tuple",
        [
          "string"
        ]
      ]
    },
    "internal_ip_address_origin": {
      "value": [
        "192.168.6.8"
      ],
      "type": [
        "tuple",
        [
          "string"
        ]
      ]
    },
    "internal_ip_address_web0": {
      "value": "192.168.6.13",
      "type": "string"
    },
    "internal_ip_address_web1": {
      "value": "192.168.6.14",
      "type": "string"
    },
    "internal_ip_address_web2": {
      "value": "192.168.6.34",
      "type": "string"
    }
  },
  "resources": [
    {
      "mode": "managed",
      "type": "yandex_compute_disk",
      "name": "iscsi_disk",
      "provider": "provider[\"registry.terraform.io/yandex-cloud/yandex\"]",
      "instances": [
        {
          "schema_version": 0,
          "attributes": {
            "created_at": "2021-10-14T13:26:39Z",
            "description": "",
            "disk_placement_policy": [
              {
                "disk_placement_group_id": ""
              }
            ],
            "folder_id": "b1g5dp1pciuk5oqnra39",
            "id": "ef3cicdvkqaag161d225",
            "image_id": "",
            "labels": null,
            "name": "iscsi",
            "product_ids": [],
            "size": 1,
            "snapshot_id": "",
            "status": "ready",
            "timeouts": null,
            "type": "network-hdd",
            "zone": "ru-central1-c"
          },
          "sensitive_attributes": [],
          "private": "eyJlMmJmYjczMC1lY2FhLTExZTYtOGY4OC0zNDM2M2JjN2M0YzAiOnsiY3JlYXRlIjozMDAwMDAwMDAwMDAsImRlbGV0ZSI6MzAwMDAwMDAwMDAwLCJ1cGRhdGUiOjMwMDAwMDAwMDAwMH19"
        }
      ]
    },
    {
      "mode": "managed",
      "type": "yandex_compute_instance",
      "name": "db",
      "provider": "provider[\"registry.terraform.io/yandex-cloud/yandex\"]",
      "instances": [
        {
          "schema_version": 1,
          "attributes": {
            "allow_stopping_for_update": null,
            "boot_disk": [
              {
                "auto_delete": true,
                "device_name": "ef307d0f9cknil8i1bc8",
                "disk_id": "ef307d0f9cknil8i1bc8",
                "initialize_params": [
                  {
                    "description": "",
                    "image_id": "fd83klic6c8gfgi40urb",
                    "name": "",
                    "size": 3,
                    "snapshot_id": "",
                    "type": "network-hdd"
                  }
                ],
                "mode": "READ_WRITE"
              }
            ],
            "created_at": "2021-10-14T13:26:40Z",
            "description": "",
            "folder_id": "b1g5dp1pciuk5oqnra39",
            "fqdn": "ef36lh5m2g5vv7hsabfg.auto.internal",
            "hostname": "ef36lh5m2g5vv7hsabfg",
            "id": "ef36lh5m2g5vv7hsabfg",
            "labels": null,
            "metadata": {
              "ssh-keys": "ubuntu:ssh-rsa AAAAB3NzaC1yc2EAAAADAQABAAABAQC7WPr8GJ4MQrL1ZSwcnKExfjY6XB143AM6ZMhP+UwJKaA/7wlRW80et/S5Zn/+L1Eo47JN5g5J9g8b67mdQlNLOOI1ovivxQ7MonQ4zWdscb81NM09z5EmVDgsYjSpFjKvHqEmMrQnGa8S2+ncJogXPyTzmdDgfbq48ITqMGy8JNiuXnk7WwfVjzN7r3dtlEERGdpSav5CfpwfOhgafy/T3QOwVSUN5KYFs+hqV4mN843g9H3e0cSkBzM1onptRdH1v7XiyAMGBrZHL57WOX+NT6YJAwTNlzPOdJDMQ2xwM1/KPcfDi0YXFeZLL1981MmgW35he8ZBexuzjCWFBAlx dv@hermes\n"
            },
            "name": "db",
            "network_acceleration_type": "standard",
            "network_interface": [
              {
                "dns_record": [],
                "index": 0,
                "ip_address": "192.168.6.11",
                "ipv4": true,
                "ipv6": false,
                "ipv6_address": "",
                "ipv6_dns_record": [],
                "mac_address": "d0:0d:6a:c4:b6:14",
                "nat": true,
                "nat_dns_record": [],
                "nat_ip_address": "178.154.213.7",
                "nat_ip_version": "IPV4",
                "security_group_ids": [],
                "subnet_id": "b0c1j4hv6729oa9ou56f"
              }
            ],
            "placement_policy": [
              {
                "placement_group_id": ""
              }
            ],
            "platform_id": "standard-v1",
            "resources": [
              {
                "core_fraction": 100,
                "cores": 2,
                "gpus": 0,
                "memory": 2
              }
            ],
            "scheduling_policy": [
              {
                "preemptible": false
              }
            ],
            "secondary_disk": [],
            "service_account_id": "",
            "status": "running",
            "timeouts": null,
            "zone": "ru-central1-c"
          },
          "sensitive_attributes": [],
          "private": "eyJlMmJmYjczMC1lY2FhLTExZTYtOGY4OC0zNDM2M2JjN2M0YzAiOnsiY3JlYXRlIjozMDAwMDAwMDAwMDAsImRlbGV0ZSI6MzAwMDAwMDAwMDAwLCJ1cGRhdGUiOjMwMDAwMDAwMDAwMH0sInNjaGVtYV92ZXJzaW9uIjoiMSJ9",
          "dependencies": [
            "yandex_vpc_network.network-1",
            "yandex_vpc_subnet.subnet-1"
          ]
        }
      ]
    },
    {
      "mode": "managed",
      "type": "yandex_compute_instance",
      "name": "fe",
      "provider": "provider[\"registry.terraform.io/yandex-cloud/yandex\"]",
      "instances": [
        {
          "index_key": 0,
          "schema_version": 1,
          "attributes": {
            "allow_stopping_for_update": null,
            "boot_disk": [
              {
                "auto_delete": true,
                "device_name": "ef3go6hotghid1dv5q09",
                "disk_id": "ef3go6hotghid1dv5q09",
                "initialize_params": [
                  {
                    "description": "",
                    "image_id": "fd83klic6c8gfgi40urb",
                    "name": "",
                    "size": 3,
                    "snapshot_id": "",
                    "type": "network-hdd"
                  }
                ],
                "mode": "READ_WRITE"
              }
            ],
            "created_at": "2021-10-14T13:26:40Z",
            "description": "",
            "folder_id": "b1g5dp1pciuk5oqnra39",
            "fqdn": "ef32i8g8a9u2oqn70s8b.auto.internal",
            "hostname": "ef32i8g8a9u2oqn70s8b",
            "id": "ef32i8g8a9u2oqn70s8b",
            "labels": null,
            "metadata": {
              "ssh-keys": "ubuntu:ssh-rsa AAAAB3NzaC1yc2EAAAADAQABAAABAQC7WPr8GJ4MQrL1ZSwcnKExfjY6XB143AM6ZMhP+UwJKaA/7wlRW80et/S5Zn/+L1Eo47JN5g5J9g8b67mdQlNLOOI1ovivxQ7MonQ4zWdscb81NM09z5EmVDgsYjSpFjKvHqEmMrQnGa8S2+ncJogXPyTzmdDgfbq48ITqMGy8JNiuXnk7WwfVjzN7r3dtlEERGdpSav5CfpwfOhgafy/T3QOwVSUN5KYFs+hqV4mN843g9H3e0cSkBzM1onptRdH1v7XiyAMGBrZHL57WOX+NT6YJAwTNlzPOdJDMQ2xwM1/KPcfDi0YXFeZLL1981MmgW35he8ZBexuzjCWFBAlx dv@hermes\n"
            },
            "name": "fe1",
            "network_acceleration_type": "standard",
            "network_interface": [
              {
                "dns_record": [],
                "index": 0,
                "ip_address": "192.168.6.4",
                "ipv4": true,
                "ipv6": false,
                "ipv6_address": "",
                "ipv6_dns_record": [],
                "mac_address": "d0:0d:29:22:08:52",
                "nat": true,
                "nat_dns_record": [],
                "nat_ip_address": "178.154.208.16",
                "nat_ip_version": "IPV4",
                "security_group_ids": [],
                "subnet_id": "b0c1j4hv6729oa9ou56f"
              }
            ],
            "placement_policy": [
              {
                "placement_group_id": ""
              }
            ],
            "platform_id": "standard-v1",
            "resources": [
              {
                "core_fraction": 100,
                "cores": 2,
                "gpus": 0,
                "memory": 2
              }
            ],
            "scheduling_policy": [
              {
                "preemptible": false
              }
            ],
            "secondary_disk": [],
            "service_account_id": "",
            "status": "running",
            "timeouts": null,
            "zone": "ru-central1-c"
          },
          "sensitive_attributes": [],
          "private": "eyJlMmJmYjczMC1lY2FhLTExZTYtOGY4OC0zNDM2M2JjN2M0YzAiOnsiY3JlYXRlIjozMDAwMDAwMDAwMDAsImRlbGV0ZSI6MzAwMDAwMDAwMDAwLCJ1cGRhdGUiOjMwMDAwMDAwMDAwMH0sInNjaGVtYV92ZXJzaW9uIjoiMSJ9",
          "dependencies": [
            "yandex_vpc_network.network-1",
            "yandex_vpc_subnet.subnet-1"
          ]
        },
        {
          "index_key": 1,
          "schema_version": 1,
          "attributes": {
            "allow_stopping_for_update": null,
            "boot_disk": [
              {
                "auto_delete": true,
                "device_name": "ef3oka8btcrn0go33bga",
                "disk_id": "ef3oka8btcrn0go33bga",
                "initialize_params": [
                  {
                    "description": "",
                    "image_id": "fd83klic6c8gfgi40urb",
                    "name": "",
                    "size": 3,
                    "snapshot_id": "",
                    "type": "network-hdd"
                  }
                ],
                "mode": "READ_WRITE"
              }
            ],
            "created_at": "2021-10-14T13:26:40Z",
            "description": "",
            "folder_id": "b1g5dp1pciuk5oqnra39",
            "fqdn": "ef36f1ca53hofe0jutsi.auto.internal",
            "hostname": "ef36f1ca53hofe0jutsi",
            "id": "ef36f1ca53hofe0jutsi",
            "labels": null,
            "metadata": {
              "ssh-keys": "ubuntu:ssh-rsa AAAAB3NzaC1yc2EAAAADAQABAAABAQC7WPr8GJ4MQrL1ZSwcnKExfjY6XB143AM6ZMhP+UwJKaA/7wlRW80et/S5Zn/+L1Eo47JN5g5J9g8b67mdQlNLOOI1ovivxQ7MonQ4zWdscb81NM09z5EmVDgsYjSpFjKvHqEmMrQnGa8S2+ncJogXPyTzmdDgfbq48ITqMGy8JNiuXnk7WwfVjzN7r3dtlEERGdpSav5CfpwfOhgafy/T3QOwVSUN5KYFs+hqV4mN843g9H3e0cSkBzM1onptRdH1v7XiyAMGBrZHL57WOX+NT6YJAwTNlzPOdJDMQ2xwM1/KPcfDi0YXFeZLL1981MmgW35he8ZBexuzjCWFBAlx dv@hermes\n"
            },
            "name": "fe2",
            "network_acceleration_type": "standard",
            "network_interface": [
              {
                "dns_record": [],
                "index": 0,
                "ip_address": "192.168.6.5",
                "ipv4": true,
                "ipv6": false,
                "ipv6_address": "",
                "ipv6_dns_record": [],
                "mac_address": "d0:0d:67:85:8a:28",
                "nat": true,
                "nat_dns_record": [],
                "nat_ip_address": "178.154.215.240",
                "nat_ip_version": "IPV4",
                "security_group_ids": [],
                "subnet_id": "b0c1j4hv6729oa9ou56f"
              }
            ],
            "placement_policy": [
              {
                "placement_group_id": ""
              }
            ],
            "platform_id": "standard-v1",
            "resources": [
              {
                "core_fraction": 100,
                "cores": 2,
                "gpus": 0,
                "memory": 2
              }
            ],
            "scheduling_policy": [
              {
                "preemptible": false
              }
            ],
            "secondary_disk": [],
            "service_account_id": "",
            "status": "running",
            "timeouts": null,
            "zone": "ru-central1-c"
          },
          "sensitive_attributes": [],
          "private": "eyJlMmJmYjczMC1lY2FhLTExZTYtOGY4OC0zNDM2M2JjN2M0YzAiOnsiY3JlYXRlIjozMDAwMDAwMDAwMDAsImRlbGV0ZSI6MzAwMDAwMDAwMDAwLCJ1cGRhdGUiOjMwMDAwMDAwMDAwMH0sInNjaGVtYV92ZXJzaW9uIjoiMSJ9",
          "dependencies": [
            "yandex_vpc_network.network-1",
            "yandex_vpc_subnet.subnet-1"
          ]
        }
      ]
    },
    {
      "mode": "managed",
      "type": "yandex_compute_instance",
      "name": "iscsi",
      "provider": "provider[\"registry.terraform.io/yandex-cloud/yandex\"]",
      "instances": [
        {
          "schema_version": 1,
          "attributes": {
            "allow_stopping_for_update": null,
            "boot_disk": [
              {
                "auto_delete": true,
                "device_name": "ef39nl8eof6cj7vsmr8o",
                "disk_id": "ef39nl8eof6cj7vsmr8o",
                "initialize_params": [
                  {
                    "description": "",
                    "image_id": "fd83869rbingor0in0ui",
                    "name": "",
                    "size": 8,
                    "snapshot_id": "",
                    "type": "network-hdd"
                  }
                ],
                "mode": "READ_WRITE"
              }
            ],
            "created_at": "2021-10-14T13:26:44Z",
            "description": "",
            "folder_id": "b1g5dp1pciuk5oqnra39",
            "fqdn": "ef3vp7bj9ndcieiqqukv.auto.internal",
            "hostname": "ef3vp7bj9ndcieiqqukv",
            "id": "ef3vp7bj9ndcieiqqukv",
            "labels": null,
            "metadata": {
              "ssh-keys": "centos:ssh-rsa AAAAB3NzaC1yc2EAAAADAQABAAABAQC7WPr8GJ4MQrL1ZSwcnKExfjY6XB143AM6ZMhP+UwJKaA/7wlRW80et/S5Zn/+L1Eo47JN5g5J9g8b67mdQlNLOOI1ovivxQ7MonQ4zWdscb81NM09z5EmVDgsYjSpFjKvHqEmMrQnGa8S2+ncJogXPyTzmdDgfbq48ITqMGy8JNiuXnk7WwfVjzN7r3dtlEERGdpSav5CfpwfOhgafy/T3QOwVSUN5KYFs+hqV4mN843g9H3e0cSkBzM1onptRdH1v7XiyAMGBrZHL57WOX+NT6YJAwTNlzPOdJDMQ2xwM1/KPcfDi0YXFeZLL1981MmgW35he8ZBexuzjCWFBAlx dv@hermes\n"
            },
            "name": "iscsi",
            "network_acceleration_type": "standard",
            "network_interface": [
              {
                "dns_record": [],
                "index": 0,
                "ip_address": "192.168.6.12",
                "ipv4": true,
                "ipv6": false,
                "ipv6_address": "",
                "ipv6_dns_record": [],
                "mac_address": "d0:0d:1f:c9:d7:34",
                "nat": true,
                "nat_dns_record": [],
                "nat_ip_address": "178.154.208.9",
                "nat_ip_version": "IPV4",
                "security_group_ids": [],
                "subnet_id": "b0c1j4hv6729oa9ou56f"
              }
            ],
            "placement_policy": [
              {
                "placement_group_id": ""
              }
            ],
            "platform_id": "standard-v1",
            "resources": [
              {
                "core_fraction": 100,
                "cores": 2,
                "gpus": 0,
                "memory": 2
              }
            ],
            "scheduling_policy": [
              {
                "preemptible": false
              }
            ],
            "secondary_disk": [
              {
                "auto_delete": false,
                "device_name": "ef3cicdvkqaag161d225",
                "disk_id": "ef3cicdvkqaag161d225",
                "mode": "READ_WRITE"
              }
            ],
            "service_account_id": "",
            "status": "running",
            "timeouts": null,
            "zone": "ru-central1-c"
          },
          "sensitive_attributes": [],
          "private": "eyJlMmJmYjczMC1lY2FhLTExZTYtOGY4OC0zNDM2M2JjN2M0YzAiOnsiY3JlYXRlIjozMDAwMDAwMDAwMDAsImRlbGV0ZSI6MzAwMDAwMDAwMDAwLCJ1cGRhdGUiOjMwMDAwMDAwMDAwMH0sInNjaGVtYV92ZXJzaW9uIjoiMSJ9",
          "dependencies": [
            "yandex_compute_disk.iscsi_disk",
            "yandex_vpc_network.network-1",
            "yandex_vpc_subnet.subnet-1"
          ]
        }
      ]
    },
    {
      "mode": "managed",
      "type": "yandex_compute_instance",
      "name": "origin",
      "provider": "provider[\"registry.terraform.io/yandex-cloud/yandex\"]",
      "instances": [
        {
          "schema_version": 1,
          "attributes": {
            "allow_stopping_for_update": null,
            "boot_disk": [
              {
                "auto_delete": true,
                "device_name": "ef3bhtkf2e1l548d0vsi",
                "disk_id": "ef3bhtkf2e1l548d0vsi",
                "initialize_params": [
                  {
                    "description": "",
                    "image_id": "fd83klic6c8gfgi40urb",
                    "name": "",
                    "size": 3,
                    "snapshot_id": "",
                    "type": "network-hdd"
                  }
                ],
                "mode": "READ_WRITE"
              }
            ],
            "created_at": "2021-10-14T13:26:40Z",
            "description": "",
            "folder_id": "b1g5dp1pciuk5oqnra39",
            "fqdn": "ef3il7mbevonjlcqqudf.auto.internal",
            "hostname": "ef3il7mbevonjlcqqudf",
            "id": "ef3il7mbevonjlcqqudf",
            "labels": null,
            "metadata": {
              "ssh-keys": "ubuntu:ssh-rsa AAAAB3NzaC1yc2EAAAADAQABAAABAQC7WPr8GJ4MQrL1ZSwcnKExfjY6XB143AM6ZMhP+UwJKaA/7wlRW80et/S5Zn/+L1Eo47JN5g5J9g8b67mdQlNLOOI1ovivxQ7MonQ4zWdscb81NM09z5EmVDgsYjSpFjKvHqEmMrQnGa8S2+ncJogXPyTzmdDgfbq48ITqMGy8JNiuXnk7WwfVjzN7r3dtlEERGdpSav5CfpwfOhgafy/T3QOwVSUN5KYFs+hqV4mN843g9H3e0cSkBzM1onptRdH1v7XiyAMGBrZHL57WOX+NT6YJAwTNlzPOdJDMQ2xwM1/KPcfDi0YXFeZLL1981MmgW35he8ZBexuzjCWFBAlx dv@hermes\n"
            },
            "name": "origin",
            "network_acceleration_type": "standard",
            "network_interface": [
              {
                "dns_record": [],
                "index": 0,
                "ip_address": "192.168.6.8",
                "ipv4": true,
                "ipv6": false,
                "ipv6_address": "",
                "ipv6_dns_record": [],
                "mac_address": "d0:0d:12:a9:ec:b7",
                "nat": true,
                "nat_dns_record": [],
                "nat_ip_address": "178.154.211.175",
                "nat_ip_version": "IPV4",
                "security_group_ids": [],
                "subnet_id": "b0c1j4hv6729oa9ou56f"
              }
            ],
            "placement_policy": [
              {
                "placement_group_id": ""
              }
            ],
            "platform_id": "standard-v1",
            "resources": [
              {
                "core_fraction": 100,
                "cores": 2,
                "gpus": 0,
                "memory": 2
              }
            ],
            "scheduling_policy": [
              {
                "preemptible": false
              }
            ],
            "secondary_disk": [],
            "service_account_id": "",
            "status": "running",
            "timeouts": null,
            "zone": "ru-central1-c"
          },
          "sensitive_attributes": [],
          "private": "eyJlMmJmYjczMC1lY2FhLTExZTYtOGY4OC0zNDM2M2JjN2M0YzAiOnsiY3JlYXRlIjozMDAwMDAwMDAwMDAsImRlbGV0ZSI6MzAwMDAwMDAwMDAwLCJ1cGRhdGUiOjMwMDAwMDAwMDAwMH0sInNjaGVtYV92ZXJzaW9uIjoiMSJ9",
          "dependencies": [
            "yandex_vpc_network.network-1",
            "yandex_vpc_subnet.subnet-1"
          ]
        }
      ]
    },
    {
      "mode": "managed",
      "type": "yandex_compute_instance",
      "name": "web",
      "provider": "provider[\"registry.terraform.io/yandex-cloud/yandex\"]",
      "instances": [
        {
          "index_key": 0,
          "schema_version": 1,
          "attributes": {
            "allow_stopping_for_update": null,
            "boot_disk": [
              {
                "auto_delete": true,
                "device_name": "ef3l8rhja23vt88cjivh",
                "disk_id": "ef3l8rhja23vt88cjivh",
                "initialize_params": [
                  {
                    "description": "",
                    "image_id": "fd83869rbingor0in0ui",
                    "name": "",
                    "size": 8,
                    "snapshot_id": "",
                    "type": "network-hdd"
                  }
                ],
                "mode": "READ_WRITE"
              }
            ],
            "created_at": "2021-10-14T13:26:40Z",
            "description": "",
            "folder_id": "b1g5dp1pciuk5oqnra39",
            "fqdn": "ef3qn38207j4kmos7bt7.auto.internal",
            "hostname": "ef3qn38207j4kmos7bt7",
            "id": "ef3qn38207j4kmos7bt7",
            "labels": null,
            "metadata": {
              "ssh-keys": "centos:ssh-rsa AAAAB3NzaC1yc2EAAAADAQABAAABAQC7WPr8GJ4MQrL1ZSwcnKExfjY6XB143AM6ZMhP+UwJKaA/7wlRW80et/S5Zn/+L1Eo47JN5g5J9g8b67mdQlNLOOI1ovivxQ7MonQ4zWdscb81NM09z5EmVDgsYjSpFjKvHqEmMrQnGa8S2+ncJogXPyTzmdDgfbq48ITqMGy8JNiuXnk7WwfVjzN7r3dtlEERGdpSav5CfpwfOhgafy/T3QOwVSUN5KYFs+hqV4mN843g9H3e0cSkBzM1onptRdH1v7XiyAMGBrZHL57WOX+NT6YJAwTNlzPOdJDMQ2xwM1/KPcfDi0YXFeZLL1981MmgW35he8ZBexuzjCWFBAlx dv@hermes\n"
            },
            "name": "web1",
            "network_acceleration_type": "standard",
            "network_interface": [
              {
                "dns_record": [],
                "index": 0,
                "ip_address": "192.168.6.13",
                "ipv4": true,
                "ipv6": false,
                "ipv6_address": "",
                "ipv6_dns_record": [],
                "mac_address": "d0:0d:1a:b8:d0:20",
                "nat": true,
                "nat_dns_record": [],
                "nat_ip_address": "178.154.210.130",
                "nat_ip_version": "IPV4",
                "security_group_ids": [],
                "subnet_id": "b0c1j4hv6729oa9ou56f"
              }
            ],
            "placement_policy": [
              {
                "placement_group_id": ""
              }
            ],
            "platform_id": "standard-v1",
            "resources": [
              {
                "core_fraction": 100,
                "cores": 2,
                "gpus": 0,
                "memory": 2
              }
            ],
            "scheduling_policy": [
              {
                "preemptible": false
              }
            ],
            "secondary_disk": [],
            "service_account_id": "",
            "status": "running",
            "timeouts": null,
            "zone": "ru-central1-c"
          },
          "sensitive_attributes": [],
          "private": "eyJlMmJmYjczMC1lY2FhLTExZTYtOGY4OC0zNDM2M2JjN2M0YzAiOnsiY3JlYXRlIjozMDAwMDAwMDAwMDAsImRlbGV0ZSI6MzAwMDAwMDAwMDAwLCJ1cGRhdGUiOjMwMDAwMDAwMDAwMH0sInNjaGVtYV92ZXJzaW9uIjoiMSJ9",
          "dependencies": [
            "yandex_vpc_network.network-1",
            "yandex_vpc_subnet.subnet-1"
          ]
        },
        {
          "index_key": 1,
          "schema_version": 1,
          "attributes": {
            "allow_stopping_for_update": null,
            "boot_disk": [
              {
                "auto_delete": true,
                "device_name": "ef34qseb9cbru1hanlv8",
                "disk_id": "ef34qseb9cbru1hanlv8",
                "initialize_params": [
                  {
                    "description": "",
                    "image_id": "fd83869rbingor0in0ui",
                    "name": "",
                    "size": 8,
                    "snapshot_id": "",
                    "type": "network-hdd"
                  }
                ],
                "mode": "READ_WRITE"
              }
            ],
            "created_at": "2021-10-14T13:26:40Z",
            "description": "",
            "folder_id": "b1g5dp1pciuk5oqnra39",
            "fqdn": "ef3b3n1ptqk5im0jl1pf.auto.internal",
            "hostname": "ef3b3n1ptqk5im0jl1pf",
            "id": "ef3b3n1ptqk5im0jl1pf",
            "labels": null,
            "metadata": {
              "ssh-keys": "centos:ssh-rsa AAAAB3NzaC1yc2EAAAADAQABAAABAQC7WPr8GJ4MQrL1ZSwcnKExfjY6XB143AM6ZMhP+UwJKaA/7wlRW80et/S5Zn/+L1Eo47JN5g5J9g8b67mdQlNLOOI1ovivxQ7MonQ4zWdscb81NM09z5EmVDgsYjSpFjKvHqEmMrQnGa8S2+ncJogXPyTzmdDgfbq48ITqMGy8JNiuXnk7WwfVjzN7r3dtlEERGdpSav5CfpwfOhgafy/T3QOwVSUN5KYFs+hqV4mN843g9H3e0cSkBzM1onptRdH1v7XiyAMGBrZHL57WOX+NT6YJAwTNlzPOdJDMQ2xwM1/KPcfDi0YXFeZLL1981MmgW35he8ZBexuzjCWFBAlx dv@hermes\n"
            },
            "name": "web2",
            "network_acceleration_type": "standard",
            "network_interface": [
              {
                "dns_record": [],
                "index": 0,
                "ip_address": "192.168.6.14",
                "ipv4": true,
                "ipv6": false,
                "ipv6_address": "",
                "ipv6_dns_record": [],
                "mac_address": "d0:0d:b1:dc:39:ee",
                "nat": true,
                "nat_dns_record": [],
                "nat_ip_address": "178.154.214.242",
                "nat_ip_version": "IPV4",
                "security_group_ids": [],
                "subnet_id": "b0c1j4hv6729oa9ou56f"
              }
            ],
            "placement_policy": [
              {
                "placement_group_id": ""
              }
            ],
            "platform_id": "standard-v1",
            "resources": [
              {
                "core_fraction": 100,
                "cores": 2,
                "gpus": 0,
                "memory": 2
              }
            ],
            "scheduling_policy": [
              {
                "preemptible": false
              }
            ],
            "secondary_disk": [],
            "service_account_id": "",
            "status": "running",
            "timeouts": null,
            "zone": "ru-central1-c"
          },
          "sensitive_attributes": [],
          "private": "eyJlMmJmYjczMC1lY2FhLTExZTYtOGY4OC0zNDM2M2JjN2M0YzAiOnsiY3JlYXRlIjozMDAwMDAwMDAwMDAsImRlbGV0ZSI6MzAwMDAwMDAwMDAwLCJ1cGRhdGUiOjMwMDAwMDAwMDAwMH0sInNjaGVtYV92ZXJzaW9uIjoiMSJ9",
          "dependencies": [
            "yandex_vpc_network.network-1",
            "yandex_vpc_subnet.subnet-1"
          ]
        },
        {
          "index_key": 2,
          "schema_version": 1,
          "attributes": {
            "allow_stopping_for_update": null,
            "boot_disk": [
              {
                "auto_delete": true,
                "device_name": "ef3uh5qkqnh2guk67tjg",
                "disk_id": "ef3uh5qkqnh2guk67tjg",
                "initialize_params": [
                  {
                    "description": "",
                    "image_id": "fd83869rbingor0in0ui",
                    "name": "",
                    "size": 8,
                    "snapshot_id": "",
                    "type": "network-hdd"
                  }
                ],
                "mode": "READ_WRITE"
              }
            ],
            "created_at": "2021-10-14T13:26:40Z",
            "description": "",
            "folder_id": "b1g5dp1pciuk5oqnra39",
            "fqdn": "ef31j3155it4s4d7stt3.auto.internal",
            "hostname": "ef31j3155it4s4d7stt3",
            "id": "ef31j3155it4s4d7stt3",
            "labels": null,
            "metadata": {
              "ssh-keys": "centos:ssh-rsa AAAAB3NzaC1yc2EAAAADAQABAAABAQC7WPr8GJ4MQrL1ZSwcnKExfjY6XB143AM6ZMhP+UwJKaA/7wlRW80et/S5Zn/+L1Eo47JN5g5J9g8b67mdQlNLOOI1ovivxQ7MonQ4zWdscb81NM09z5EmVDgsYjSpFjKvHqEmMrQnGa8S2+ncJogXPyTzmdDgfbq48ITqMGy8JNiuXnk7WwfVjzN7r3dtlEERGdpSav5CfpwfOhgafy/T3QOwVSUN5KYFs+hqV4mN843g9H3e0cSkBzM1onptRdH1v7XiyAMGBrZHL57WOX+NT6YJAwTNlzPOdJDMQ2xwM1/KPcfDi0YXFeZLL1981MmgW35he8ZBexuzjCWFBAlx dv@hermes\n"
            },
            "name": "web3",
            "network_acceleration_type": "standard",
            "network_interface": [
              {
                "dns_record": [],
                "index": 0,
                "ip_address": "192.168.6.34",
                "ipv4": true,
                "ipv6": false,
                "ipv6_address": "",
                "ipv6_dns_record": [],
                "mac_address": "d0:0d:19:8c:25:2c",
                "nat": true,
                "nat_dns_record": [],
                "nat_ip_address": "130.193.46.237",
                "nat_ip_version": "IPV4",
                "security_group_ids": [],
                "subnet_id": "b0c1j4hv6729oa9ou56f"
              }
            ],
            "placement_policy": [
              {
                "placement_group_id": ""
              }
            ],
            "platform_id": "standard-v1",
            "resources": [
              {
                "core_fraction": 100,
                "cores": 2,
                "gpus": 0,
                "memory": 2
              }
            ],
            "scheduling_policy": [
              {
                "preemptible": false
              }
            ],
            "secondary_disk": [],
            "service_account_id": "",
            "status": "running",
            "timeouts": null,
            "zone": "ru-central1-c"
          },
          "sensitive_attributes": [],
          "private": "eyJlMmJmYjczMC1lY2FhLTExZTYtOGY4OC0zNDM2M2JjN2M0YzAiOnsiY3JlYXRlIjozMDAwMDAwMDAwMDAsImRlbGV0ZSI6MzAwMDAwMDAwMDAwLCJ1cGRhdGUiOjMwMDAwMDAwMDAwMH0sInNjaGVtYV92ZXJzaW9uIjoiMSJ9",
          "dependencies": [
            "yandex_vpc_network.network-1",
            "yandex_vpc_subnet.subnet-1"
          ]
        }
      ]
    },
    {
      "mode": "managed",
      "type": "yandex_vpc_network",
      "name": "network-1",
      "provider": "provider[\"registry.terraform.io/yandex-cloud/yandex\"]",
      "instances": [
        {
          "schema_version": 0,
          "attributes": {
            "created_at": "2021-10-14T13:26:39Z",
            "default_security_group_id": "",
            "description": "",
            "folder_id": "b1g5dp1pciuk5oqnra39",
            "id": "enprk41b04s6fttv3dot",
            "labels": {},
            "name": "network1",
            "subnet_ids": [],
            "timeouts": null
          },
          "sensitive_attributes": [],
          "private": "eyJlMmJmYjczMC1lY2FhLTExZTYtOGY4OC0zNDM2M2JjN2M0YzAiOnsiY3JlYXRlIjo2MDAwMDAwMDAwMCwiZGVsZXRlIjo2MDAwMDAwMDAwMCwidXBkYXRlIjo2MDAwMDAwMDAwMH19"
        }
      ]
    },
    {
      "mode": "managed",
      "type": "yandex_vpc_subnet",
      "name": "subnet-1",
      "provider": "provider[\"registry.terraform.io/yandex-cloud/yandex\"]",
      "instances": [
        {
          "schema_version": 0,
          "attributes": {
            "created_at": "2021-10-14T13:26:39Z",
            "description": "",
            "dhcp_options": [],
            "folder_id": "b1g5dp1pciuk5oqnra39",
            "id": "b0c1j4hv6729oa9ou56f",
            "labels": {},
            "name": "subnet1",
            "network_id": "enprk41b04s6fttv3dot",
            "route_table_id": "",
            "timeouts": null,
            "v4_cidr_blocks": [
              "192.168.6.0/24"
            ],
            "v6_cidr_blocks": [],
            "zone": "ru-central1-c"
          },
          "sensitive_attributes": [],
          "private": "eyJlMmJmYjczMC1lY2FhLTExZTYtOGY4OC0zNDM2M2JjN2M0YzAiOnsiY3JlYXRlIjoxODAwMDAwMDAwMDAsImRlbGV0ZSI6MTgwMDAwMDAwMDAwLCJ1cGRhdGUiOjE4MDAwMDAwMDAwMH19",
          "dependencies": [
            "yandex_vpc_network.network-1"
          ]
        }
      ]
    }
  ]
}
