{
  "version": 4,
  "terraform_version": "1.0.8",
  "serial": 320,
  "lineage": "b171c8f9-759c-4f60-1e52-8c9e53fab23a",
  "outputs": {
    "external_ip_address_db": {
      "value": [
        "84.201.180.201"
      ],
      "type": [
        "tuple",
        [
          "string"
        ]
      ]
    },
    "external_ip_address_fe0": {
      "value": "178.154.233.88",
      "type": "string"
    },
    "external_ip_address_fe1": {
      "value": "178.154.235.82",
      "type": "string"
    },
    "external_ip_address_iscsi": {
      "value": [
        "178.154.234.177"
      ],
      "type": [
        "tuple",
        [
          "string"
        ]
      ]
    },
    "external_ip_address_origin": {
      "value": [
        "178.154.235.70"
      ],
      "type": [
        "tuple",
        [
          "string"
        ]
      ]
    },
    "external_ip_address_web0": {
      "value": "178.154.235.221",
      "type": "string"
    },
    "external_ip_address_web1": {
      "value": "84.252.135.3",
      "type": "string"
    },
    "external_ip_address_web2": {
      "value": "178.154.232.184",
      "type": "string"
    },
    "hostname_web0": {
      "value": "ef3n540kdqfepb4mlkcn",
      "type": "string"
    },
    "hostname_web1": {
      "value": "ef3egg3uk5o3o58lmnbu",
      "type": "string"
    },
    "hostname_web2": {
      "value": "ef3nv3d210gaapkvb2ml",
      "type": "string"
    },
    "internal_ip_address_db": {
      "value": [
        "192.168.6.5"
      ],
      "type": [
        "tuple",
        [
          "string"
        ]
      ]
    },
    "internal_ip_address_fe0": {
      "value": "192.168.6.6",
      "type": "string"
    },
    "internal_ip_address_fe1": {
      "value": "192.168.6.28",
      "type": "string"
    },
    "internal_ip_address_iscsi": {
      "value": [
        "192.168.6.38"
      ],
      "type": [
        "tuple",
        [
          "string"
        ]
      ]
    },
    "internal_ip_address_origin": {
      "value": [
        "192.168.6.3"
      ],
      "type": [
        "tuple",
        [
          "string"
        ]
      ]
    },
    "internal_ip_address_web0": {
      "value": "192.168.6.24",
      "type": "string"
    },
    "internal_ip_address_web1": {
      "value": "192.168.6.27",
      "type": "string"
    },
    "internal_ip_address_web2": {
      "value": "192.168.6.7",
      "type": "string"
    }
  },
  "resources": [
    {
      "mode": "managed",
      "type": "yandex_compute_disk",
      "name": "iscsi_disk",
      "provider": "provider[\"registry.terraform.io/yandex-cloud/yandex\"]",
      "instances": [
        {
          "schema_version": 0,
          "attributes": {
            "created_at": "2021-10-14T17:25:01Z",
            "description": "",
            "disk_placement_policy": [
              {
                "disk_placement_group_id": ""
              }
            ],
            "folder_id": "b1g5dp1pciuk5oqnra39",
            "id": "ef3f8329ublqd0fr87l2",
            "image_id": "",
            "labels": null,
            "name": "iscsi",
            "product_ids": [],
            "size": 1,
            "snapshot_id": "",
            "status": "ready",
            "timeouts": null,
            "type": "network-hdd",
            "zone": "ru-central1-c"
          },
          "sensitive_attributes": [],
          "private": "eyJlMmJmYjczMC1lY2FhLTExZTYtOGY4OC0zNDM2M2JjN2M0YzAiOnsiY3JlYXRlIjozMDAwMDAwMDAwMDAsImRlbGV0ZSI6MzAwMDAwMDAwMDAwLCJ1cGRhdGUiOjMwMDAwMDAwMDAwMH19"
        }
      ]
    },
    {
      "mode": "managed",
      "type": "yandex_compute_instance",
      "name": "db",
      "provider": "provider[\"registry.terraform.io/yandex-cloud/yandex\"]",
      "instances": [
        {
          "schema_version": 1,
          "attributes": {
            "allow_stopping_for_update": null,
            "boot_disk": [
              {
                "auto_delete": true,
                "device_name": "ef35mvrr9asgu2d8vq7a",
                "disk_id": "ef35mvrr9asgu2d8vq7a",
                "initialize_params": [
                  {
                    "description": "",
                    "image_id": "fd83klic6c8gfgi40urb",
                    "name": "",
                    "size": 3,
                    "snapshot_id": "",
                    "type": "network-hdd"
                  }
                ],
                "mode": "READ_WRITE"
              }
            ],
            "created_at": "2021-10-14T17:25:03Z",
            "description": "",
            "folder_id": "b1g5dp1pciuk5oqnra39",
            "fqdn": "ef36b1gh821u0jlgm570.auto.internal",
            "hostname": "ef36b1gh821u0jlgm570",
            "id": "ef36b1gh821u0jlgm570",
            "labels": null,
            "metadata": {
              "ssh-keys": "ubuntu:ssh-rsa AAAAB3NzaC1yc2EAAAADAQABAAABAQC7WPr8GJ4MQrL1ZSwcnKExfjY6XB143AM6ZMhP+UwJKaA/7wlRW80et/S5Zn/+L1Eo47JN5g5J9g8b67mdQlNLOOI1ovivxQ7MonQ4zWdscb81NM09z5EmVDgsYjSpFjKvHqEmMrQnGa8S2+ncJogXPyTzmdDgfbq48ITqMGy8JNiuXnk7WwfVjzN7r3dtlEERGdpSav5CfpwfOhgafy/T3QOwVSUN5KYFs+hqV4mN843g9H3e0cSkBzM1onptRdH1v7XiyAMGBrZHL57WOX+NT6YJAwTNlzPOdJDMQ2xwM1/KPcfDi0YXFeZLL1981MmgW35he8ZBexuzjCWFBAlx dv@hermes\n"
            },
            "name": "db",
            "network_acceleration_type": "standard",
            "network_interface": [
              {
                "dns_record": [],
                "index": 0,
                "ip_address": "192.168.6.5",
                "ipv4": true,
                "ipv6": false,
                "ipv6_address": "",
                "ipv6_dns_record": [],
                "mac_address": "d0:0d:65:86:11:40",
                "nat": true,
                "nat_dns_record": [],
                "nat_ip_address": "84.201.180.201",
                "nat_ip_version": "IPV4",
                "security_group_ids": [],
                "subnet_id": "b0c4la1joufif6ts4fpm"
              }
            ],
            "placement_policy": [
              {
                "placement_group_id": ""
              }
            ],
            "platform_id": "standard-v1",
            "resources": [
              {
                "core_fraction": 100,
                "cores": 2,
                "gpus": 0,
                "memory": 2
              }
            ],
            "scheduling_policy": [
              {
                "preemptible": false
              }
            ],
            "secondary_disk": [],
            "service_account_id": "",
            "status": "running",
            "timeouts": null,
            "zone": "ru-central1-c"
          },
          "sensitive_attributes": [],
          "private": "eyJlMmJmYjczMC1lY2FhLTExZTYtOGY4OC0zNDM2M2JjN2M0YzAiOnsiY3JlYXRlIjozMDAwMDAwMDAwMDAsImRlbGV0ZSI6MzAwMDAwMDAwMDAwLCJ1cGRhdGUiOjMwMDAwMDAwMDAwMH0sInNjaGVtYV92ZXJzaW9uIjoiMSJ9",
          "dependencies": [
            "yandex_vpc_network.network-1",
            "yandex_vpc_subnet.subnet-1"
          ]
        }
      ]
    },
    {
      "mode": "managed",
      "type": "yandex_compute_instance",
      "name": "fe",
      "provider": "provider[\"registry.terraform.io/yandex-cloud/yandex\"]",
      "instances": [
        {
          "index_key": 0,
          "schema_version": 1,
          "attributes": {
            "allow_stopping_for_update": null,
            "boot_disk": [
              {
                "auto_delete": true,
                "device_name": "ef3brvskcjko8r9mudok",
                "disk_id": "ef3brvskcjko8r9mudok",
                "initialize_params": [
                  {
                    "description": "",
                    "image_id": "fd83klic6c8gfgi40urb",
                    "name": "",
                    "size": 3,
                    "snapshot_id": "",
                    "type": "network-hdd"
                  }
                ],
                "mode": "READ_WRITE"
              }
            ],
            "created_at": "2021-10-14T17:25:03Z",
            "description": "",
            "folder_id": "b1g5dp1pciuk5oqnra39",
            "fqdn": "ef3hbodsfvjecfk4geah.auto.internal",
            "hostname": "ef3hbodsfvjecfk4geah",
            "id": "ef3hbodsfvjecfk4geah",
            "labels": null,
            "metadata": {
              "ssh-keys": "ubuntu:ssh-rsa AAAAB3NzaC1yc2EAAAADAQABAAABAQC7WPr8GJ4MQrL1ZSwcnKExfjY6XB143AM6ZMhP+UwJKaA/7wlRW80et/S5Zn/+L1Eo47JN5g5J9g8b67mdQlNLOOI1ovivxQ7MonQ4zWdscb81NM09z5EmVDgsYjSpFjKvHqEmMrQnGa8S2+ncJogXPyTzmdDgfbq48ITqMGy8JNiuXnk7WwfVjzN7r3dtlEERGdpSav5CfpwfOhgafy/T3QOwVSUN5KYFs+hqV4mN843g9H3e0cSkBzM1onptRdH1v7XiyAMGBrZHL57WOX+NT6YJAwTNlzPOdJDMQ2xwM1/KPcfDi0YXFeZLL1981MmgW35he8ZBexuzjCWFBAlx dv@hermes\n"
            },
            "name": "fe0",
            "network_acceleration_type": "standard",
            "network_interface": [
              {
                "dns_record": [],
                "index": 0,
                "ip_address": "192.168.6.6",
                "ipv4": true,
                "ipv6": false,
                "ipv6_address": "",
                "ipv6_dns_record": [],
                "mac_address": "d0:0d:11:5e:1b:c7",
                "nat": true,
                "nat_dns_record": [],
                "nat_ip_address": "178.154.233.88",
                "nat_ip_version": "IPV4",
                "security_group_ids": [],
                "subnet_id": "b0c4la1joufif6ts4fpm"
              }
            ],
            "placement_policy": [
              {
                "placement_group_id": ""
              }
            ],
            "platform_id": "standard-v1",
            "resources": [
              {
                "core_fraction": 100,
                "cores": 2,
                "gpus": 0,
                "memory": 2
              }
            ],
            "scheduling_policy": [
              {
                "preemptible": false
              }
            ],
            "secondary_disk": [],
            "service_account_id": "",
            "status": "running",
            "timeouts": null,
            "zone": "ru-central1-c"
          },
          "sensitive_attributes": [],
          "private": "eyJlMmJmYjczMC1lY2FhLTExZTYtOGY4OC0zNDM2M2JjN2M0YzAiOnsiY3JlYXRlIjozMDAwMDAwMDAwMDAsImRlbGV0ZSI6MzAwMDAwMDAwMDAwLCJ1cGRhdGUiOjMwMDAwMDAwMDAwMH0sInNjaGVtYV92ZXJzaW9uIjoiMSJ9",
          "dependencies": [
            "yandex_vpc_network.network-1",
            "yandex_vpc_subnet.subnet-1"
          ]
        },
        {
          "index_key": 1,
          "schema_version": 1,
          "attributes": {
            "allow_stopping_for_update": null,
            "boot_disk": [
              {
                "auto_delete": true,
                "device_name": "ef3c7jl3ln6vlp0p66fn",
                "disk_id": "ef3c7jl3ln6vlp0p66fn",
                "initialize_params": [
                  {
                    "description": "",
                    "image_id": "fd83klic6c8gfgi40urb",
                    "name": "",
                    "size": 3,
                    "snapshot_id": "",
                    "type": "network-hdd"
                  }
                ],
                "mode": "READ_WRITE"
              }
            ],
            "created_at": "2021-10-14T17:25:03Z",
            "description": "",
            "folder_id": "b1g5dp1pciuk5oqnra39",
            "fqdn": "ef3hrk45ru9kenc9af3p.auto.internal",
            "hostname": "ef3hrk45ru9kenc9af3p",
            "id": "ef3hrk45ru9kenc9af3p",
            "labels": null,
            "metadata": {
              "ssh-keys": "ubuntu:ssh-rsa AAAAB3NzaC1yc2EAAAADAQABAAABAQC7WPr8GJ4MQrL1ZSwcnKExfjY6XB143AM6ZMhP+UwJKaA/7wlRW80et/S5Zn/+L1Eo47JN5g5J9g8b67mdQlNLOOI1ovivxQ7MonQ4zWdscb81NM09z5EmVDgsYjSpFjKvHqEmMrQnGa8S2+ncJogXPyTzmdDgfbq48ITqMGy8JNiuXnk7WwfVjzN7r3dtlEERGdpSav5CfpwfOhgafy/T3QOwVSUN5KYFs+hqV4mN843g9H3e0cSkBzM1onptRdH1v7XiyAMGBrZHL57WOX+NT6YJAwTNlzPOdJDMQ2xwM1/KPcfDi0YXFeZLL1981MmgW35he8ZBexuzjCWFBAlx dv@hermes\n"
            },
            "name": "fe1",
            "network_acceleration_type": "standard",
            "network_interface": [
              {
                "dns_record": [],
                "index": 0,
                "ip_address": "192.168.6.28",
                "ipv4": true,
                "ipv6": false,
                "ipv6_address": "",
                "ipv6_dns_record": [],
                "mac_address": "d0:0d:11:dd:08:5d",
                "nat": true,
                "nat_dns_record": [],
                "nat_ip_address": "178.154.235.82",
                "nat_ip_version": "IPV4",
                "security_group_ids": [],
                "subnet_id": "b0c4la1joufif6ts4fpm"
              }
            ],
            "placement_policy": [
              {
                "placement_group_id": ""
              }
            ],
            "platform_id": "standard-v1",
            "resources": [
              {
                "core_fraction": 100,
                "cores": 2,
                "gpus": 0,
                "memory": 2
              }
            ],
            "scheduling_policy": [
              {
                "preemptible": false
              }
            ],
            "secondary_disk": [],
            "service_account_id": "",
            "status": "running",
            "timeouts": null,
            "zone": "ru-central1-c"
          },
          "sensitive_attributes": [],
          "private": "eyJlMmJmYjczMC1lY2FhLTExZTYtOGY4OC0zNDM2M2JjN2M0YzAiOnsiY3JlYXRlIjozMDAwMDAwMDAwMDAsImRlbGV0ZSI6MzAwMDAwMDAwMDAwLCJ1cGRhdGUiOjMwMDAwMDAwMDAwMH0sInNjaGVtYV92ZXJzaW9uIjoiMSJ9",
          "dependencies": [
            "yandex_vpc_network.network-1",
            "yandex_vpc_subnet.subnet-1"
          ]
        }
      ]
    },
    {
      "mode": "managed",
      "type": "yandex_compute_instance",
      "name": "iscsi",
      "provider": "provider[\"registry.terraform.io/yandex-cloud/yandex\"]",
      "instances": [
        {
          "schema_version": 1,
          "attributes": {
            "allow_stopping_for_update": null,
            "boot_disk": [
              {
                "auto_delete": true,
                "device_name": "ef37pgi6eil3junsu0ip",
                "disk_id": "ef37pgi6eil3junsu0ip",
                "initialize_params": [
                  {
                    "description": "",
                    "image_id": "fd83869rbingor0in0ui",
                    "name": "",
                    "size": 8,
                    "snapshot_id": "",
                    "type": "network-hdd"
                  }
                ],
                "mode": "READ_WRITE"
              }
            ],
            "created_at": "2021-10-14T17:25:07Z",
            "description": "",
            "folder_id": "b1g5dp1pciuk5oqnra39",
            "fqdn": "ef34928sij6dp98rneua.auto.internal",
            "hostname": "ef34928sij6dp98rneua",
            "id": "ef34928sij6dp98rneua",
            "labels": null,
            "metadata": {
              "ssh-keys": "centos:ssh-rsa AAAAB3NzaC1yc2EAAAADAQABAAABAQC7WPr8GJ4MQrL1ZSwcnKExfjY6XB143AM6ZMhP+UwJKaA/7wlRW80et/S5Zn/+L1Eo47JN5g5J9g8b67mdQlNLOOI1ovivxQ7MonQ4zWdscb81NM09z5EmVDgsYjSpFjKvHqEmMrQnGa8S2+ncJogXPyTzmdDgfbq48ITqMGy8JNiuXnk7WwfVjzN7r3dtlEERGdpSav5CfpwfOhgafy/T3QOwVSUN5KYFs+hqV4mN843g9H3e0cSkBzM1onptRdH1v7XiyAMGBrZHL57WOX+NT6YJAwTNlzPOdJDMQ2xwM1/KPcfDi0YXFeZLL1981MmgW35he8ZBexuzjCWFBAlx dv@hermes\n"
            },
            "name": "iscsi",
            "network_acceleration_type": "standard",
            "network_interface": [
              {
                "dns_record": [],
                "index": 0,
                "ip_address": "192.168.6.38",
                "ipv4": true,
                "ipv6": false,
                "ipv6_address": "",
                "ipv6_dns_record": [],
                "mac_address": "d0:0d:44:89:1c:94",
                "nat": true,
                "nat_dns_record": [],
                "nat_ip_address": "178.154.234.177",
                "nat_ip_version": "IPV4",
                "security_group_ids": [],
                "subnet_id": "b0c4la1joufif6ts4fpm"
              }
            ],
            "placement_policy": [
              {
                "placement_group_id": ""
              }
            ],
            "platform_id": "standard-v1",
            "resources": [
              {
                "core_fraction": 100,
                "cores": 2,
                "gpus": 0,
                "memory": 2
              }
            ],
            "scheduling_policy": [
              {
                "preemptible": false
              }
            ],
            "secondary_disk": [
              {
                "auto_delete": false,
                "device_name": "ef3f8329ublqd0fr87l2",
                "disk_id": "ef3f8329ublqd0fr87l2",
                "mode": "READ_WRITE"
              }
            ],
            "service_account_id": "",
            "status": "running",
            "timeouts": null,
            "zone": "ru-central1-c"
          },
          "sensitive_attributes": [],
          "private": "eyJlMmJmYjczMC1lY2FhLTExZTYtOGY4OC0zNDM2M2JjN2M0YzAiOnsiY3JlYXRlIjozMDAwMDAwMDAwMDAsImRlbGV0ZSI6MzAwMDAwMDAwMDAwLCJ1cGRhdGUiOjMwMDAwMDAwMDAwMH0sInNjaGVtYV92ZXJzaW9uIjoiMSJ9",
          "dependencies": [
            "yandex_compute_disk.iscsi_disk",
            "yandex_vpc_network.network-1",
            "yandex_vpc_subnet.subnet-1"
          ]
        }
      ]
    },
    {
      "mode": "managed",
      "type": "yandex_compute_instance",
      "name": "origin",
      "provider": "provider[\"registry.terraform.io/yandex-cloud/yandex\"]",
      "instances": [
        {
          "schema_version": 1,
          "attributes": {
            "allow_stopping_for_update": null,
            "boot_disk": [
              {
                "auto_delete": true,
                "device_name": "ef3meb7euvjctll11bom",
                "disk_id": "ef3meb7euvjctll11bom",
                "initialize_params": [
                  {
                    "description": "",
                    "image_id": "fd83klic6c8gfgi40urb",
                    "name": "",
                    "size": 3,
                    "snapshot_id": "",
                    "type": "network-hdd"
                  }
                ],
                "mode": "READ_WRITE"
              }
            ],
            "created_at": "2021-10-14T17:25:03Z",
            "description": "",
            "folder_id": "b1g5dp1pciuk5oqnra39",
            "fqdn": "ef3l1e7fbpbcibp50l2i.auto.internal",
            "hostname": "ef3l1e7fbpbcibp50l2i",
            "id": "ef3l1e7fbpbcibp50l2i",
            "labels": null,
            "metadata": {
              "ssh-keys": "ubuntu:ssh-rsa AAAAB3NzaC1yc2EAAAADAQABAAABAQC7WPr8GJ4MQrL1ZSwcnKExfjY6XB143AM6ZMhP+UwJKaA/7wlRW80et/S5Zn/+L1Eo47JN5g5J9g8b67mdQlNLOOI1ovivxQ7MonQ4zWdscb81NM09z5EmVDgsYjSpFjKvHqEmMrQnGa8S2+ncJogXPyTzmdDgfbq48ITqMGy8JNiuXnk7WwfVjzN7r3dtlEERGdpSav5CfpwfOhgafy/T3QOwVSUN5KYFs+hqV4mN843g9H3e0cSkBzM1onptRdH1v7XiyAMGBrZHL57WOX+NT6YJAwTNlzPOdJDMQ2xwM1/KPcfDi0YXFeZLL1981MmgW35he8ZBexuzjCWFBAlx dv@hermes\n"
            },
            "name": "origin",
            "network_acceleration_type": "standard",
            "network_interface": [
              {
                "dns_record": [],
                "index": 0,
                "ip_address": "192.168.6.3",
                "ipv4": true,
                "ipv6": false,
                "ipv6_address": "",
                "ipv6_dns_record": [],
                "mac_address": "d0:0d:15:0b:8e:f5",
                "nat": true,
                "nat_dns_record": [],
                "nat_ip_address": "178.154.235.70",
                "nat_ip_version": "IPV4",
                "security_group_ids": [],
                "subnet_id": "b0c4la1joufif6ts4fpm"
              }
            ],
            "placement_policy": [
              {
                "placement_group_id": ""
              }
            ],
            "platform_id": "standard-v1",
            "resources": [
              {
                "core_fraction": 100,
                "cores": 2,
                "gpus": 0,
                "memory": 2
              }
            ],
            "scheduling_policy": [
              {
                "preemptible": false
              }
            ],
            "secondary_disk": [],
            "service_account_id": "",
            "status": "running",
            "timeouts": null,
            "zone": "ru-central1-c"
          },
          "sensitive_attributes": [],
          "private": "eyJlMmJmYjczMC1lY2FhLTExZTYtOGY4OC0zNDM2M2JjN2M0YzAiOnsiY3JlYXRlIjozMDAwMDAwMDAwMDAsImRlbGV0ZSI6MzAwMDAwMDAwMDAwLCJ1cGRhdGUiOjMwMDAwMDAwMDAwMH0sInNjaGVtYV92ZXJzaW9uIjoiMSJ9",
          "dependencies": [
            "yandex_vpc_network.network-1",
            "yandex_vpc_subnet.subnet-1"
          ]
        }
      ]
    },
    {
      "mode": "managed",
      "type": "yandex_compute_instance",
      "name": "web",
      "provider": "provider[\"registry.terraform.io/yandex-cloud/yandex\"]",
      "instances": [
        {
          "index_key": 0,
          "schema_version": 1,
          "attributes": {
            "allow_stopping_for_update": null,
            "boot_disk": [
              {
                "auto_delete": true,
                "device_name": "ef3r9lko1p1qu6jhpjdo",
                "disk_id": "ef3r9lko1p1qu6jhpjdo",
                "initialize_params": [
                  {
                    "description": "",
                    "image_id": "fd83869rbingor0in0ui",
                    "name": "",
                    "size": 8,
                    "snapshot_id": "",
                    "type": "network-hdd"
                  }
                ],
                "mode": "READ_WRITE"
              }
            ],
            "created_at": "2021-10-14T17:25:03Z",
            "description": "",
            "folder_id": "b1g5dp1pciuk5oqnra39",
            "fqdn": "ef3n540kdqfepb4mlkcn.auto.internal",
            "hostname": "ef3n540kdqfepb4mlkcn",
            "id": "ef3n540kdqfepb4mlkcn",
            "labels": null,
            "metadata": {
              "ssh-keys": "centos:ssh-rsa AAAAB3NzaC1yc2EAAAADAQABAAABAQC7WPr8GJ4MQrL1ZSwcnKExfjY6XB143AM6ZMhP+UwJKaA/7wlRW80et/S5Zn/+L1Eo47JN5g5J9g8b67mdQlNLOOI1ovivxQ7MonQ4zWdscb81NM09z5EmVDgsYjSpFjKvHqEmMrQnGa8S2+ncJogXPyTzmdDgfbq48ITqMGy8JNiuXnk7WwfVjzN7r3dtlEERGdpSav5CfpwfOhgafy/T3QOwVSUN5KYFs+hqV4mN843g9H3e0cSkBzM1onptRdH1v7XiyAMGBrZHL57WOX+NT6YJAwTNlzPOdJDMQ2xwM1/KPcfDi0YXFeZLL1981MmgW35he8ZBexuzjCWFBAlx dv@hermes\n"
            },
            "name": "web0",
            "network_acceleration_type": "standard",
            "network_interface": [
              {
                "dns_record": [],
                "index": 0,
                "ip_address": "192.168.6.24",
                "ipv4": true,
                "ipv6": false,
                "ipv6_address": "",
                "ipv6_dns_record": [],
                "mac_address": "d0:0d:17:29:01:46",
                "nat": true,
                "nat_dns_record": [],
                "nat_ip_address": "178.154.235.221",
                "nat_ip_version": "IPV4",
                "security_group_ids": [],
                "subnet_id": "b0c4la1joufif6ts4fpm"
              }
            ],
            "placement_policy": [
              {
                "placement_group_id": ""
              }
            ],
            "platform_id": "standard-v1",
            "resources": [
              {
                "core_fraction": 100,
                "cores": 2,
                "gpus": 0,
                "memory": 2
              }
            ],
            "scheduling_policy": [
              {
                "preemptible": false
              }
            ],
            "secondary_disk": [],
            "service_account_id": "",
            "status": "running",
            "timeouts": null,
            "zone": "ru-central1-c"
          },
          "sensitive_attributes": [],
          "private": "eyJlMmJmYjczMC1lY2FhLTExZTYtOGY4OC0zNDM2M2JjN2M0YzAiOnsiY3JlYXRlIjozMDAwMDAwMDAwMDAsImRlbGV0ZSI6MzAwMDAwMDAwMDAwLCJ1cGRhdGUiOjMwMDAwMDAwMDAwMH0sInNjaGVtYV92ZXJzaW9uIjoiMSJ9",
          "dependencies": [
            "yandex_vpc_network.network-1",
            "yandex_vpc_subnet.subnet-1"
          ]
        },
        {
          "index_key": 1,
          "schema_version": 1,
          "attributes": {
            "allow_stopping_for_update": null,
            "boot_disk": [
              {
                "auto_delete": true,
                "device_name": "ef3r96eoeb2m2mio9ks5",
                "disk_id": "ef3r96eoeb2m2mio9ks5",
                "initialize_params": [
                  {
                    "description": "",
                    "image_id": "fd83869rbingor0in0ui",
                    "name": "",
                    "size": 8,
                    "snapshot_id": "",
                    "type": "network-hdd"
                  }
                ],
                "mode": "READ_WRITE"
              }
            ],
            "created_at": "2021-10-14T17:25:03Z",
            "description": "",
            "folder_id": "b1g5dp1pciuk5oqnra39",
            "fqdn": "ef3egg3uk5o3o58lmnbu.auto.internal",
            "hostname": "ef3egg3uk5o3o58lmnbu",
            "id": "ef3egg3uk5o3o58lmnbu",
            "labels": null,
            "metadata": {
              "ssh-keys": "centos:ssh-rsa AAAAB3NzaC1yc2EAAAADAQABAAABAQC7WPr8GJ4MQrL1ZSwcnKExfjY6XB143AM6ZMhP+UwJKaA/7wlRW80et/S5Zn/+L1Eo47JN5g5J9g8b67mdQlNLOOI1ovivxQ7MonQ4zWdscb81NM09z5EmVDgsYjSpFjKvHqEmMrQnGa8S2+ncJogXPyTzmdDgfbq48ITqMGy8JNiuXnk7WwfVjzN7r3dtlEERGdpSav5CfpwfOhgafy/T3QOwVSUN5KYFs+hqV4mN843g9H3e0cSkBzM1onptRdH1v7XiyAMGBrZHL57WOX+NT6YJAwTNlzPOdJDMQ2xwM1/KPcfDi0YXFeZLL1981MmgW35he8ZBexuzjCWFBAlx dv@hermes\n"
            },
            "name": "web1",
            "network_acceleration_type": "standard",
            "network_interface": [
              {
                "dns_record": [],
                "index": 0,
                "ip_address": "192.168.6.27",
                "ipv4": true,
                "ipv6": false,
                "ipv6_address": "",
                "ipv6_dns_record": [],
                "mac_address": "d0:0d:e8:40:7e:a1",
                "nat": true,
                "nat_dns_record": [],
                "nat_ip_address": "84.252.135.3",
                "nat_ip_version": "IPV4",
                "security_group_ids": [],
                "subnet_id": "b0c4la1joufif6ts4fpm"
              }
            ],
            "placement_policy": [
              {
                "placement_group_id": ""
              }
            ],
            "platform_id": "standard-v1",
            "resources": [
              {
                "core_fraction": 100,
                "cores": 2,
                "gpus": 0,
                "memory": 2
              }
            ],
            "scheduling_policy": [
              {
                "preemptible": false
              }
            ],
            "secondary_disk": [],
            "service_account_id": "",
            "status": "running",
            "timeouts": null,
            "zone": "ru-central1-c"
          },
          "sensitive_attributes": [],
          "private": "eyJlMmJmYjczMC1lY2FhLTExZTYtOGY4OC0zNDM2M2JjN2M0YzAiOnsiY3JlYXRlIjozMDAwMDAwMDAwMDAsImRlbGV0ZSI6MzAwMDAwMDAwMDAwLCJ1cGRhdGUiOjMwMDAwMDAwMDAwMH0sInNjaGVtYV92ZXJzaW9uIjoiMSJ9",
          "dependencies": [
            "yandex_vpc_network.network-1",
            "yandex_vpc_subnet.subnet-1"
          ]
        },
        {
          "index_key": 2,
          "schema_version": 1,
          "attributes": {
            "allow_stopping_for_update": null,
            "boot_disk": [
              {
                "auto_delete": true,
                "device_name": "ef3lm5s38nhv3llrnshm",
                "disk_id": "ef3lm5s38nhv3llrnshm",
                "initialize_params": [
                  {
                    "description": "",
                    "image_id": "fd83869rbingor0in0ui",
                    "name": "",
                    "size": 8,
                    "snapshot_id": "",
                    "type": "network-hdd"
                  }
                ],
                "mode": "READ_WRITE"
              }
            ],
            "created_at": "2021-10-14T17:25:03Z",
            "description": "",
            "folder_id": "b1g5dp1pciuk5oqnra39",
            "fqdn": "ef3nv3d210gaapkvb2ml.auto.internal",
            "hostname": "ef3nv3d210gaapkvb2ml",
            "id": "ef3nv3d210gaapkvb2ml",
            "labels": null,
            "metadata": {
              "ssh-keys": "centos:ssh-rsa AAAAB3NzaC1yc2EAAAADAQABAAABAQC7WPr8GJ4MQrL1ZSwcnKExfjY6XB143AM6ZMhP+UwJKaA/7wlRW80et/S5Zn/+L1Eo47JN5g5J9g8b67mdQlNLOOI1ovivxQ7MonQ4zWdscb81NM09z5EmVDgsYjSpFjKvHqEmMrQnGa8S2+ncJogXPyTzmdDgfbq48ITqMGy8JNiuXnk7WwfVjzN7r3dtlEERGdpSav5CfpwfOhgafy/T3QOwVSUN5KYFs+hqV4mN843g9H3e0cSkBzM1onptRdH1v7XiyAMGBrZHL57WOX+NT6YJAwTNlzPOdJDMQ2xwM1/KPcfDi0YXFeZLL1981MmgW35he8ZBexuzjCWFBAlx dv@hermes\n"
            },
            "name": "web2",
            "network_acceleration_type": "standard",
            "network_interface": [
              {
                "dns_record": [],
                "index": 0,
                "ip_address": "192.168.6.7",
                "ipv4": true,
                "ipv6": false,
                "ipv6_address": "",
                "ipv6_dns_record": [],
                "mac_address": "d0:0d:17:f8:da:20",
                "nat": true,
                "nat_dns_record": [],
                "nat_ip_address": "178.154.232.184",
                "nat_ip_version": "IPV4",
                "security_group_ids": [],
                "subnet_id": "b0c4la1joufif6ts4fpm"
              }
            ],
            "placement_policy": [
              {
                "placement_group_id": ""
              }
            ],
            "platform_id": "standard-v1",
            "resources": [
              {
                "core_fraction": 100,
                "cores": 2,
                "gpus": 0,
                "memory": 2
              }
            ],
            "scheduling_policy": [
              {
                "preemptible": false
              }
            ],
            "secondary_disk": [],
            "service_account_id": "",
            "status": "running",
            "timeouts": null,
            "zone": "ru-central1-c"
          },
          "sensitive_attributes": [],
          "private": "eyJlMmJmYjczMC1lY2FhLTExZTYtOGY4OC0zNDM2M2JjN2M0YzAiOnsiY3JlYXRlIjozMDAwMDAwMDAwMDAsImRlbGV0ZSI6MzAwMDAwMDAwMDAwLCJ1cGRhdGUiOjMwMDAwMDAwMDAwMH0sInNjaGVtYV92ZXJzaW9uIjoiMSJ9",
          "dependencies": [
            "yandex_vpc_network.network-1",
            "yandex_vpc_subnet.subnet-1"
          ]
        }
      ]
    },
    {
      "mode": "managed",
      "type": "yandex_vpc_network",
      "name": "network-1",
      "provider": "provider[\"registry.terraform.io/yandex-cloud/yandex\"]",
      "instances": [
        {
          "schema_version": 0,
          "attributes": {
            "created_at": "2021-10-14T17:25:02Z",
            "default_security_group_id": "",
            "description": "",
            "folder_id": "b1g5dp1pciuk5oqnra39",
            "id": "enpsetmvhcep31808a36",
            "labels": {},
            "name": "network1",
            "subnet_ids": [],
            "timeouts": null
          },
          "sensitive_attributes": [],
          "private": "eyJlMmJmYjczMC1lY2FhLTExZTYtOGY4OC0zNDM2M2JjN2M0YzAiOnsiY3JlYXRlIjo2MDAwMDAwMDAwMCwiZGVsZXRlIjo2MDAwMDAwMDAwMCwidXBkYXRlIjo2MDAwMDAwMDAwMH19"
        }
      ]
    },
    {
      "mode": "managed",
      "type": "yandex_vpc_subnet",
      "name": "subnet-1",
      "provider": "provider[\"registry.terraform.io/yandex-cloud/yandex\"]",
      "instances": [
        {
          "schema_version": 0,
          "attributes": {
            "created_at": "2021-10-14T17:25:02Z",
            "description": "",
            "dhcp_options": [],
            "folder_id": "b1g5dp1pciuk5oqnra39",
            "id": "b0c4la1joufif6ts4fpm",
            "labels": {},
            "name": "subnet1",
            "network_id": "enpsetmvhcep31808a36",
            "route_table_id": "",
            "timeouts": null,
            "v4_cidr_blocks": [
              "192.168.6.0/24"
            ],
            "v6_cidr_blocks": [],
            "zone": "ru-central1-c"
          },
          "sensitive_attributes": [],
          "private": "eyJlMmJmYjczMC1lY2FhLTExZTYtOGY4OC0zNDM2M2JjN2M0YzAiOnsiY3JlYXRlIjoxODAwMDAwMDAwMDAsImRlbGV0ZSI6MTgwMDAwMDAwMDAwLCJ1cGRhdGUiOjE4MDAwMDAwMDAwMH19",
          "dependencies": [
            "yandex_vpc_network.network-1"
          ]
        }
      ]
    }
  ]
}
