{
  "version": 4,
  "terraform_version": "1.0.8",
  "serial": 753,
  "lineage": "b171c8f9-759c-4f60-1e52-8c9e53fab23a",
  "outputs": {
    "external_ip_address_db": {
      "value": [
        "178.154.211.14"
      ],
      "type": [
        "tuple",
        [
          "string"
        ]
      ]
    },
    "external_ip_address_fe0": {
      "value": "178.154.213.81",
      "type": "string"
    },
    "external_ip_address_fe1": {
      "value": "178.154.215.100",
      "type": "string"
    },
    "external_ip_address_iscsi": {
      "value": [
        "178.154.209.37"
      ],
      "type": [
        "tuple",
        [
          "string"
        ]
      ]
    },
    "external_ip_address_origin": {
      "value": [
        "130.193.44.126"
      ],
      "type": [
        "tuple",
        [
          "string"
        ]
      ]
    },
    "external_ip_address_web0": {
      "value": "130.193.59.10",
      "type": "string"
    },
    "external_ip_address_web1": {
      "value": "178.154.209.113",
      "type": "string"
    },
    "external_ip_address_web2": {
      "value": "178.154.210.4",
      "type": "string"
    },
    "hostname_web0": {
      "value": "ef3n88e31r4mmlq0ccd8",
      "type": "string"
    },
    "hostname_web1": {
      "value": "ef3n1c170eqqqg3qna9c",
      "type": "string"
    },
    "hostname_web2": {
      "value": "ef31vaku8cudg240f2ft",
      "type": "string"
    },
    "internal_ip_address_db": {
      "value": [
        "192.168.6.32"
      ],
      "type": [
        "tuple",
        [
          "string"
        ]
      ]
    },
    "internal_ip_address_fe0": {
      "value": "192.168.6.25",
      "type": "string"
    },
    "internal_ip_address_fe1": {
      "value": "192.168.6.13",
      "type": "string"
    },
    "internal_ip_address_iscsi": {
      "value": [
        "192.168.6.28"
      ],
      "type": [
        "tuple",
        [
          "string"
        ]
      ]
    },
    "internal_ip_address_origin": {
      "value": [
        "192.168.6.29"
      ],
      "type": [
        "tuple",
        [
          "string"
        ]
      ]
    },
    "internal_ip_address_web0": {
      "value": "192.168.6.27",
      "type": "string"
    },
    "internal_ip_address_web1": {
      "value": "192.168.6.33",
      "type": "string"
    },
    "internal_ip_address_web2": {
      "value": "192.168.6.8",
      "type": "string"
    }
  },
  "resources": [
    {
      "mode": "managed",
      "type": "yandex_compute_disk",
      "name": "iscsi_disk",
      "provider": "provider[\"registry.terraform.io/yandex-cloud/yandex\"]",
      "instances": [
        {
          "schema_version": 0,
          "attributes": {
            "created_at": "2021-10-15T15:01:48Z",
            "description": "",
            "disk_placement_policy": [
              {
                "disk_placement_group_id": ""
              }
            ],
            "folder_id": "b1g5dp1pciuk5oqnra39",
            "id": "ef3m770t7b441sg5drd2",
            "image_id": "",
            "labels": null,
            "name": "iscsi",
            "product_ids": [],
            "size": 1,
            "snapshot_id": "",
            "status": "ready",
            "timeouts": null,
            "type": "network-hdd",
            "zone": "ru-central1-c"
          },
          "sensitive_attributes": [],
          "private": "eyJlMmJmYjczMC1lY2FhLTExZTYtOGY4OC0zNDM2M2JjN2M0YzAiOnsiY3JlYXRlIjozMDAwMDAwMDAwMDAsImRlbGV0ZSI6MzAwMDAwMDAwMDAwLCJ1cGRhdGUiOjMwMDAwMDAwMDAwMH19"
        }
      ]
    },
    {
      "mode": "managed",
      "type": "yandex_compute_instance",
      "name": "db",
      "provider": "provider[\"registry.terraform.io/yandex-cloud/yandex\"]",
      "instances": [
        {
          "schema_version": 1,
          "attributes": {
            "allow_stopping_for_update": null,
            "boot_disk": [
              {
                "auto_delete": true,
                "device_name": "ef3ushkn4slfjhqgoune",
                "disk_id": "ef3ushkn4slfjhqgoune",
                "initialize_params": [
                  {
                    "description": "",
                    "image_id": "fd83klic6c8gfgi40urb",
                    "name": "",
                    "size": 3,
                    "snapshot_id": "",
                    "type": "network-hdd"
                  }
                ],
                "mode": "READ_WRITE"
              }
            ],
            "created_at": "2021-10-15T15:01:50Z",
            "description": "",
            "folder_id": "b1g5dp1pciuk5oqnra39",
            "fqdn": "ef3glu9umrkb06hgdse1.auto.internal",
            "hostname": "ef3glu9umrkb06hgdse1",
            "id": "ef3glu9umrkb06hgdse1",
            "labels": null,
            "metadata": {
              "ssh-keys": "ubuntu:ssh-rsa AAAAB3NzaC1yc2EAAAADAQABAAABAQC7WPr8GJ4MQrL1ZSwcnKExfjY6XB143AM6ZMhP+UwJKaA/7wlRW80et/S5Zn/+L1Eo47JN5g5J9g8b67mdQlNLOOI1ovivxQ7MonQ4zWdscb81NM09z5EmVDgsYjSpFjKvHqEmMrQnGa8S2+ncJogXPyTzmdDgfbq48ITqMGy8JNiuXnk7WwfVjzN7r3dtlEERGdpSav5CfpwfOhgafy/T3QOwVSUN5KYFs+hqV4mN843g9H3e0cSkBzM1onptRdH1v7XiyAMGBrZHL57WOX+NT6YJAwTNlzPOdJDMQ2xwM1/KPcfDi0YXFeZLL1981MmgW35he8ZBexuzjCWFBAlx dv@hermes\n"
            },
            "name": "db",
            "network_acceleration_type": "standard",
            "network_interface": [
              {
                "dns_record": [],
                "index": 0,
                "ip_address": "192.168.6.32",
                "ipv4": true,
                "ipv6": false,
                "ipv6_address": "",
                "ipv6_dns_record": [],
                "mac_address": "d0:0d:10:af:93:eb",
                "nat": true,
                "nat_dns_record": [],
                "nat_ip_address": "178.154.211.14",
                "nat_ip_version": "IPV4",
                "security_group_ids": [],
                "subnet_id": "b0cqgvds5pjn42tb6nre"
              }
            ],
            "placement_policy": [
              {
                "placement_group_id": ""
              }
            ],
            "platform_id": "standard-v1",
            "resources": [
              {
                "core_fraction": 100,
                "cores": 2,
                "gpus": 0,
                "memory": 2
              }
            ],
            "scheduling_policy": [
              {
                "preemptible": false
              }
            ],
            "secondary_disk": [],
            "service_account_id": "",
            "status": "running",
            "timeouts": null,
            "zone": "ru-central1-c"
          },
          "sensitive_attributes": [],
          "private": "eyJlMmJmYjczMC1lY2FhLTExZTYtOGY4OC0zNDM2M2JjN2M0YzAiOnsiY3JlYXRlIjozMDAwMDAwMDAwMDAsImRlbGV0ZSI6MzAwMDAwMDAwMDAwLCJ1cGRhdGUiOjMwMDAwMDAwMDAwMH0sInNjaGVtYV92ZXJzaW9uIjoiMSJ9",
          "dependencies": [
            "yandex_vpc_network.network-1",
            "yandex_vpc_subnet.subnet-1"
          ]
        }
      ]
    },
    {
      "mode": "managed",
      "type": "yandex_compute_instance",
      "name": "fe",
      "provider": "provider[\"registry.terraform.io/yandex-cloud/yandex\"]",
      "instances": [
        {
          "index_key": 0,
          "schema_version": 1,
          "attributes": {
            "allow_stopping_for_update": null,
            "boot_disk": [
              {
                "auto_delete": true,
                "device_name": "ef3saemk2oee9v4vlhck",
                "disk_id": "ef3saemk2oee9v4vlhck",
                "initialize_params": [
                  {
                    "description": "",
                    "image_id": "fd83klic6c8gfgi40urb",
                    "name": "",
                    "size": 3,
                    "snapshot_id": "",
                    "type": "network-hdd"
                  }
                ],
                "mode": "READ_WRITE"
              }
            ],
            "created_at": "2021-10-15T15:01:50Z",
            "description": "",
            "folder_id": "b1g5dp1pciuk5oqnra39",
            "fqdn": "ef3hd8mrf656uv4re459.auto.internal",
            "hostname": "ef3hd8mrf656uv4re459",
            "id": "ef3hd8mrf656uv4re459",
            "labels": null,
            "metadata": {
              "ssh-keys": "ubuntu:ssh-rsa AAAAB3NzaC1yc2EAAAADAQABAAABAQC7WPr8GJ4MQrL1ZSwcnKExfjY6XB143AM6ZMhP+UwJKaA/7wlRW80et/S5Zn/+L1Eo47JN5g5J9g8b67mdQlNLOOI1ovivxQ7MonQ4zWdscb81NM09z5EmVDgsYjSpFjKvHqEmMrQnGa8S2+ncJogXPyTzmdDgfbq48ITqMGy8JNiuXnk7WwfVjzN7r3dtlEERGdpSav5CfpwfOhgafy/T3QOwVSUN5KYFs+hqV4mN843g9H3e0cSkBzM1onptRdH1v7XiyAMGBrZHL57WOX+NT6YJAwTNlzPOdJDMQ2xwM1/KPcfDi0YXFeZLL1981MmgW35he8ZBexuzjCWFBAlx dv@hermes\n"
            },
            "name": "fe0",
            "network_acceleration_type": "standard",
            "network_interface": [
              {
                "dns_record": [],
                "index": 0,
                "ip_address": "192.168.6.25",
                "ipv4": true,
                "ipv6": false,
                "ipv6_address": "",
                "ipv6_dns_record": [],
                "mac_address": "d0:0d:11:6a:2d:b7",
                "nat": true,
                "nat_dns_record": [],
                "nat_ip_address": "178.154.213.81",
                "nat_ip_version": "IPV4",
                "security_group_ids": [],
                "subnet_id": "b0cqgvds5pjn42tb6nre"
              }
            ],
            "placement_policy": [
              {
                "placement_group_id": ""
              }
            ],
            "platform_id": "standard-v1",
            "resources": [
              {
                "core_fraction": 100,
                "cores": 2,
                "gpus": 0,
                "memory": 2
              }
            ],
            "scheduling_policy": [
              {
                "preemptible": false
              }
            ],
            "secondary_disk": [],
            "service_account_id": "",
            "status": "running",
            "timeouts": null,
            "zone": "ru-central1-c"
          },
          "sensitive_attributes": [],
          "private": "eyJlMmJmYjczMC1lY2FhLTExZTYtOGY4OC0zNDM2M2JjN2M0YzAiOnsiY3JlYXRlIjozMDAwMDAwMDAwMDAsImRlbGV0ZSI6MzAwMDAwMDAwMDAwLCJ1cGRhdGUiOjMwMDAwMDAwMDAwMH0sInNjaGVtYV92ZXJzaW9uIjoiMSJ9",
          "dependencies": [
            "yandex_vpc_network.network-1",
            "yandex_vpc_subnet.subnet-1"
          ]
        },
        {
          "index_key": 1,
          "schema_version": 1,
          "attributes": {
            "allow_stopping_for_update": null,
            "boot_disk": [
              {
                "auto_delete": true,
                "device_name": "ef3b1u5q4oslv74oklho",
                "disk_id": "ef3b1u5q4oslv74oklho",
                "initialize_params": [
                  {
                    "description": "",
                    "image_id": "fd83klic6c8gfgi40urb",
                    "name": "",
                    "size": 3,
                    "snapshot_id": "",
                    "type": "network-hdd"
                  }
                ],
                "mode": "READ_WRITE"
              }
            ],
            "created_at": "2021-10-15T15:01:50Z",
            "description": "",
            "folder_id": "b1g5dp1pciuk5oqnra39",
            "fqdn": "ef3sr7emote087u89d3o.auto.internal",
            "hostname": "ef3sr7emote087u89d3o",
            "id": "ef3sr7emote087u89d3o",
            "labels": null,
            "metadata": {
              "ssh-keys": "ubuntu:ssh-rsa AAAAB3NzaC1yc2EAAAADAQABAAABAQC7WPr8GJ4MQrL1ZSwcnKExfjY6XB143AM6ZMhP+UwJKaA/7wlRW80et/S5Zn/+L1Eo47JN5g5J9g8b67mdQlNLOOI1ovivxQ7MonQ4zWdscb81NM09z5EmVDgsYjSpFjKvHqEmMrQnGa8S2+ncJogXPyTzmdDgfbq48ITqMGy8JNiuXnk7WwfVjzN7r3dtlEERGdpSav5CfpwfOhgafy/T3QOwVSUN5KYFs+hqV4mN843g9H3e0cSkBzM1onptRdH1v7XiyAMGBrZHL57WOX+NT6YJAwTNlzPOdJDMQ2xwM1/KPcfDi0YXFeZLL1981MmgW35he8ZBexuzjCWFBAlx dv@hermes\n"
            },
            "name": "fe1",
            "network_acceleration_type": "standard",
            "network_interface": [
              {
                "dns_record": [],
                "index": 0,
                "ip_address": "192.168.6.13",
                "ipv4": true,
                "ipv6": false,
                "ipv6_address": "",
                "ipv6_dns_record": [],
                "mac_address": "d0:0d:1c:d9:dd:6c",
                "nat": true,
                "nat_dns_record": [],
                "nat_ip_address": "178.154.215.100",
                "nat_ip_version": "IPV4",
                "security_group_ids": [],
                "subnet_id": "b0cqgvds5pjn42tb6nre"
              }
            ],
            "placement_policy": [
              {
                "placement_group_id": ""
              }
            ],
            "platform_id": "standard-v1",
            "resources": [
              {
                "core_fraction": 100,
                "cores": 2,
                "gpus": 0,
                "memory": 2
              }
            ],
            "scheduling_policy": [
              {
                "preemptible": false
              }
            ],
            "secondary_disk": [],
            "service_account_id": "",
            "status": "running",
            "timeouts": null,
            "zone": "ru-central1-c"
          },
          "sensitive_attributes": [],
          "private": "eyJlMmJmYjczMC1lY2FhLTExZTYtOGY4OC0zNDM2M2JjN2M0YzAiOnsiY3JlYXRlIjozMDAwMDAwMDAwMDAsImRlbGV0ZSI6MzAwMDAwMDAwMDAwLCJ1cGRhdGUiOjMwMDAwMDAwMDAwMH0sInNjaGVtYV92ZXJzaW9uIjoiMSJ9",
          "dependencies": [
            "yandex_vpc_network.network-1",
            "yandex_vpc_subnet.subnet-1"
          ]
        }
      ]
    },
    {
      "mode": "managed",
      "type": "yandex_compute_instance",
      "name": "iscsi",
      "provider": "provider[\"registry.terraform.io/yandex-cloud/yandex\"]",
      "instances": [
        {
          "schema_version": 1,
          "attributes": {
            "allow_stopping_for_update": null,
            "boot_disk": [
              {
                "auto_delete": true,
                "device_name": "ef3k5rtb0upgdtjaue9u",
                "disk_id": "ef3k5rtb0upgdtjaue9u",
                "initialize_params": [
                  {
                    "description": "",
                    "image_id": "fd83869rbingor0in0ui",
                    "name": "",
                    "size": 8,
                    "snapshot_id": "",
                    "type": "network-hdd"
                  }
                ],
                "mode": "READ_WRITE"
              }
            ],
            "created_at": "2021-10-15T15:01:53Z",
            "description": "",
            "folder_id": "b1g5dp1pciuk5oqnra39",
            "fqdn": "ef3op9otnnte2ebdau6n.auto.internal",
            "hostname": "ef3op9otnnte2ebdau6n",
            "id": "ef3op9otnnte2ebdau6n",
            "labels": null,
            "metadata": {
              "ssh-keys": "centos:ssh-rsa AAAAB3NzaC1yc2EAAAADAQABAAABAQC7WPr8GJ4MQrL1ZSwcnKExfjY6XB143AM6ZMhP+UwJKaA/7wlRW80et/S5Zn/+L1Eo47JN5g5J9g8b67mdQlNLOOI1ovivxQ7MonQ4zWdscb81NM09z5EmVDgsYjSpFjKvHqEmMrQnGa8S2+ncJogXPyTzmdDgfbq48ITqMGy8JNiuXnk7WwfVjzN7r3dtlEERGdpSav5CfpwfOhgafy/T3QOwVSUN5KYFs+hqV4mN843g9H3e0cSkBzM1onptRdH1v7XiyAMGBrZHL57WOX+NT6YJAwTNlzPOdJDMQ2xwM1/KPcfDi0YXFeZLL1981MmgW35he8ZBexuzjCWFBAlx dv@hermes\n"
            },
            "name": "iscsi",
            "network_acceleration_type": "standard",
            "network_interface": [
              {
                "dns_record": [],
                "index": 0,
                "ip_address": "192.168.6.28",
                "ipv4": true,
                "ipv6": false,
                "ipv6_address": "",
                "ipv6_dns_record": [],
                "mac_address": "d0:0d:18:ca:71:db",
                "nat": true,
                "nat_dns_record": [],
                "nat_ip_address": "178.154.209.37",
                "nat_ip_version": "IPV4",
                "security_group_ids": [],
                "subnet_id": "b0cqgvds5pjn42tb6nre"
              }
            ],
            "placement_policy": [
              {
                "placement_group_id": ""
              }
            ],
            "platform_id": "standard-v1",
            "resources": [
              {
                "core_fraction": 100,
                "cores": 2,
                "gpus": 0,
                "memory": 2
              }
            ],
            "scheduling_policy": [
              {
                "preemptible": false
              }
            ],
            "secondary_disk": [
              {
                "auto_delete": false,
                "device_name": "ef3m770t7b441sg5drd2",
                "disk_id": "ef3m770t7b441sg5drd2",
                "mode": "READ_WRITE"
              }
            ],
            "service_account_id": "",
            "status": "running",
            "timeouts": null,
            "zone": "ru-central1-c"
          },
          "sensitive_attributes": [],
          "private": "eyJlMmJmYjczMC1lY2FhLTExZTYtOGY4OC0zNDM2M2JjN2M0YzAiOnsiY3JlYXRlIjozMDAwMDAwMDAwMDAsImRlbGV0ZSI6MzAwMDAwMDAwMDAwLCJ1cGRhdGUiOjMwMDAwMDAwMDAwMH0sInNjaGVtYV92ZXJzaW9uIjoiMSJ9",
          "dependencies": [
            "yandex_compute_disk.iscsi_disk",
            "yandex_vpc_network.network-1",
            "yandex_vpc_subnet.subnet-1"
          ]
        }
      ]
    },
    {
      "mode": "managed",
      "type": "yandex_compute_instance",
      "name": "origin",
      "provider": "provider[\"registry.terraform.io/yandex-cloud/yandex\"]",
      "instances": [
        {
          "schema_version": 1,
          "attributes": {
            "allow_stopping_for_update": null,
            "boot_disk": [
              {
                "auto_delete": true,
                "device_name": "ef3r6qdu9v7ip760fptq",
                "disk_id": "ef3r6qdu9v7ip760fptq",
                "initialize_params": [
                  {
                    "description": "",
                    "image_id": "fd83klic6c8gfgi40urb",
                    "name": "",
                    "size": 3,
                    "snapshot_id": "",
                    "type": "network-hdd"
                  }
                ],
                "mode": "READ_WRITE"
              }
            ],
            "created_at": "2021-10-15T15:01:50Z",
            "description": "",
            "folder_id": "b1g5dp1pciuk5oqnra39",
            "fqdn": "ef32lum516dfmcgg76a9.auto.internal",
            "hostname": "ef32lum516dfmcgg76a9",
            "id": "ef32lum516dfmcgg76a9",
            "labels": null,
            "metadata": {
              "ssh-keys": "ubuntu:ssh-rsa AAAAB3NzaC1yc2EAAAADAQABAAABAQC7WPr8GJ4MQrL1ZSwcnKExfjY6XB143AM6ZMhP+UwJKaA/7wlRW80et/S5Zn/+L1Eo47JN5g5J9g8b67mdQlNLOOI1ovivxQ7MonQ4zWdscb81NM09z5EmVDgsYjSpFjKvHqEmMrQnGa8S2+ncJogXPyTzmdDgfbq48ITqMGy8JNiuXnk7WwfVjzN7r3dtlEERGdpSav5CfpwfOhgafy/T3QOwVSUN5KYFs+hqV4mN843g9H3e0cSkBzM1onptRdH1v7XiyAMGBrZHL57WOX+NT6YJAwTNlzPOdJDMQ2xwM1/KPcfDi0YXFeZLL1981MmgW35he8ZBexuzjCWFBAlx dv@hermes\n"
            },
            "name": "origin",
            "network_acceleration_type": "standard",
            "network_interface": [
              {
                "dns_record": [],
                "index": 0,
                "ip_address": "192.168.6.29",
                "ipv4": true,
                "ipv6": false,
                "ipv6_address": "",
                "ipv6_dns_record": [],
                "mac_address": "d0:0d:2a:fa:c5:09",
                "nat": true,
                "nat_dns_record": [],
                "nat_ip_address": "130.193.44.126",
                "nat_ip_version": "IPV4",
                "security_group_ids": [],
                "subnet_id": "b0cqgvds5pjn42tb6nre"
              }
            ],
            "placement_policy": [
              {
                "placement_group_id": ""
              }
            ],
            "platform_id": "standard-v1",
            "resources": [
              {
                "core_fraction": 100,
                "cores": 2,
                "gpus": 0,
                "memory": 2
              }
            ],
            "scheduling_policy": [
              {
                "preemptible": false
              }
            ],
            "secondary_disk": [],
            "service_account_id": "",
            "status": "running",
            "timeouts": null,
            "zone": "ru-central1-c"
          },
          "sensitive_attributes": [],
          "private": "eyJlMmJmYjczMC1lY2FhLTExZTYtOGY4OC0zNDM2M2JjN2M0YzAiOnsiY3JlYXRlIjozMDAwMDAwMDAwMDAsImRlbGV0ZSI6MzAwMDAwMDAwMDAwLCJ1cGRhdGUiOjMwMDAwMDAwMDAwMH0sInNjaGVtYV92ZXJzaW9uIjoiMSJ9",
          "dependencies": [
            "yandex_vpc_network.network-1",
            "yandex_vpc_subnet.subnet-1"
          ]
        }
      ]
    },
    {
      "mode": "managed",
      "type": "yandex_compute_instance",
      "name": "web",
      "provider": "provider[\"registry.terraform.io/yandex-cloud/yandex\"]",
      "instances": [
        {
          "index_key": 0,
          "schema_version": 1,
          "attributes": {
            "allow_stopping_for_update": null,
            "boot_disk": [
              {
                "auto_delete": true,
                "device_name": "ef3bncjpkuetm8930moc",
                "disk_id": "ef3bncjpkuetm8930moc",
                "initialize_params": [
                  {
                    "description": "",
                    "image_id": "fd83869rbingor0in0ui",
                    "name": "",
                    "size": 8,
                    "snapshot_id": "",
                    "type": "network-hdd"
                  }
                ],
                "mode": "READ_WRITE"
              }
            ],
            "created_at": "2021-10-15T15:01:50Z",
            "description": "",
            "folder_id": "b1g5dp1pciuk5oqnra39",
            "fqdn": "ef3n88e31r4mmlq0ccd8.auto.internal",
            "hostname": "ef3n88e31r4mmlq0ccd8",
            "id": "ef3n88e31r4mmlq0ccd8",
            "labels": null,
            "metadata": {
              "ssh-keys": "centos:ssh-rsa AAAAB3NzaC1yc2EAAAADAQABAAABAQC7WPr8GJ4MQrL1ZSwcnKExfjY6XB143AM6ZMhP+UwJKaA/7wlRW80et/S5Zn/+L1Eo47JN5g5J9g8b67mdQlNLOOI1ovivxQ7MonQ4zWdscb81NM09z5EmVDgsYjSpFjKvHqEmMrQnGa8S2+ncJogXPyTzmdDgfbq48ITqMGy8JNiuXnk7WwfVjzN7r3dtlEERGdpSav5CfpwfOhgafy/T3QOwVSUN5KYFs+hqV4mN843g9H3e0cSkBzM1onptRdH1v7XiyAMGBrZHL57WOX+NT6YJAwTNlzPOdJDMQ2xwM1/KPcfDi0YXFeZLL1981MmgW35he8ZBexuzjCWFBAlx dv@hermes\n"
            },
            "name": "web0",
            "network_acceleration_type": "standard",
            "network_interface": [
              {
                "dns_record": [],
                "index": 0,
                "ip_address": "192.168.6.27",
                "ipv4": true,
                "ipv6": false,
                "ipv6_address": "",
                "ipv6_dns_record": [],
                "mac_address": "d0:0d:17:42:1c:30",
                "nat": true,
                "nat_dns_record": [],
                "nat_ip_address": "130.193.59.10",
                "nat_ip_version": "IPV4",
                "security_group_ids": [],
                "subnet_id": "b0cqgvds5pjn42tb6nre"
              }
            ],
            "placement_policy": [
              {
                "placement_group_id": ""
              }
            ],
            "platform_id": "standard-v1",
            "resources": [
              {
                "core_fraction": 100,
                "cores": 2,
                "gpus": 0,
                "memory": 2
              }
            ],
            "scheduling_policy": [
              {
                "preemptible": false
              }
            ],
            "secondary_disk": [],
            "service_account_id": "",
            "status": "running",
            "timeouts": null,
            "zone": "ru-central1-c"
          },
          "sensitive_attributes": [],
          "private": "eyJlMmJmYjczMC1lY2FhLTExZTYtOGY4OC0zNDM2M2JjN2M0YzAiOnsiY3JlYXRlIjozMDAwMDAwMDAwMDAsImRlbGV0ZSI6MzAwMDAwMDAwMDAwLCJ1cGRhdGUiOjMwMDAwMDAwMDAwMH0sInNjaGVtYV92ZXJzaW9uIjoiMSJ9",
          "dependencies": [
            "yandex_vpc_network.network-1",
            "yandex_vpc_subnet.subnet-1"
          ]
        },
        {
          "index_key": 1,
          "schema_version": 1,
          "attributes": {
            "allow_stopping_for_update": null,
            "boot_disk": [
              {
                "auto_delete": true,
                "device_name": "ef3v7guhgrnjjb0smhtt",
                "disk_id": "ef3v7guhgrnjjb0smhtt",
                "initialize_params": [
                  {
                    "description": "",
                    "image_id": "fd83869rbingor0in0ui",
                    "name": "",
                    "size": 8,
                    "snapshot_id": "",
                    "type": "network-hdd"
                  }
                ],
                "mode": "READ_WRITE"
              }
            ],
            "created_at": "2021-10-15T15:01:50Z",
            "description": "",
            "folder_id": "b1g5dp1pciuk5oqnra39",
            "fqdn": "ef3n1c170eqqqg3qna9c.auto.internal",
            "hostname": "ef3n1c170eqqqg3qna9c",
            "id": "ef3n1c170eqqqg3qna9c",
            "labels": null,
            "metadata": {
              "ssh-keys": "centos:ssh-rsa AAAAB3NzaC1yc2EAAAADAQABAAABAQC7WPr8GJ4MQrL1ZSwcnKExfjY6XB143AM6ZMhP+UwJKaA/7wlRW80et/S5Zn/+L1Eo47JN5g5J9g8b67mdQlNLOOI1ovivxQ7MonQ4zWdscb81NM09z5EmVDgsYjSpFjKvHqEmMrQnGa8S2+ncJogXPyTzmdDgfbq48ITqMGy8JNiuXnk7WwfVjzN7r3dtlEERGdpSav5CfpwfOhgafy/T3QOwVSUN5KYFs+hqV4mN843g9H3e0cSkBzM1onptRdH1v7XiyAMGBrZHL57WOX+NT6YJAwTNlzPOdJDMQ2xwM1/KPcfDi0YXFeZLL1981MmgW35he8ZBexuzjCWFBAlx dv@hermes\n"
            },
            "name": "web1",
            "network_acceleration_type": "standard",
            "network_interface": [
              {
                "dns_record": [],
                "index": 0,
                "ip_address": "192.168.6.33",
                "ipv4": true,
                "ipv6": false,
                "ipv6_address": "",
                "ipv6_dns_record": [],
                "mac_address": "d0:0d:17:0b:02:70",
                "nat": true,
                "nat_dns_record": [],
                "nat_ip_address": "178.154.209.113",
                "nat_ip_version": "IPV4",
                "security_group_ids": [],
                "subnet_id": "b0cqgvds5pjn42tb6nre"
              }
            ],
            "placement_policy": [
              {
                "placement_group_id": ""
              }
            ],
            "platform_id": "standard-v1",
            "resources": [
              {
                "core_fraction": 100,
                "cores": 2,
                "gpus": 0,
                "memory": 2
              }
            ],
            "scheduling_policy": [
              {
                "preemptible": false
              }
            ],
            "secondary_disk": [],
            "service_account_id": "",
            "status": "running",
            "timeouts": null,
            "zone": "ru-central1-c"
          },
          "sensitive_attributes": [],
          "private": "eyJlMmJmYjczMC1lY2FhLTExZTYtOGY4OC0zNDM2M2JjN2M0YzAiOnsiY3JlYXRlIjozMDAwMDAwMDAwMDAsImRlbGV0ZSI6MzAwMDAwMDAwMDAwLCJ1cGRhdGUiOjMwMDAwMDAwMDAwMH0sInNjaGVtYV92ZXJzaW9uIjoiMSJ9",
          "dependencies": [
            "yandex_vpc_network.network-1",
            "yandex_vpc_subnet.subnet-1"
          ]
        },
        {
          "index_key": 2,
          "schema_version": 1,
          "attributes": {
            "allow_stopping_for_update": null,
            "boot_disk": [
              {
                "auto_delete": true,
                "device_name": "ef3qq5iaceqv9vs3olj0",
                "disk_id": "ef3qq5iaceqv9vs3olj0",
                "initialize_params": [
                  {
                    "description": "",
                    "image_id": "fd83869rbingor0in0ui",
                    "name": "",
                    "size": 8,
                    "snapshot_id": "",
                    "type": "network-hdd"
                  }
                ],
                "mode": "READ_WRITE"
              }
            ],
            "created_at": "2021-10-15T15:01:50Z",
            "description": "",
            "folder_id": "b1g5dp1pciuk5oqnra39",
            "fqdn": "ef31vaku8cudg240f2ft.auto.internal",
            "hostname": "ef31vaku8cudg240f2ft",
            "id": "ef31vaku8cudg240f2ft",
            "labels": null,
            "metadata": {
              "ssh-keys": "centos:ssh-rsa AAAAB3NzaC1yc2EAAAADAQABAAABAQC7WPr8GJ4MQrL1ZSwcnKExfjY6XB143AM6ZMhP+UwJKaA/7wlRW80et/S5Zn/+L1Eo47JN5g5J9g8b67mdQlNLOOI1ovivxQ7MonQ4zWdscb81NM09z5EmVDgsYjSpFjKvHqEmMrQnGa8S2+ncJogXPyTzmdDgfbq48ITqMGy8JNiuXnk7WwfVjzN7r3dtlEERGdpSav5CfpwfOhgafy/T3QOwVSUN5KYFs+hqV4mN843g9H3e0cSkBzM1onptRdH1v7XiyAMGBrZHL57WOX+NT6YJAwTNlzPOdJDMQ2xwM1/KPcfDi0YXFeZLL1981MmgW35he8ZBexuzjCWFBAlx dv@hermes\n"
            },
            "name": "web2",
            "network_acceleration_type": "standard",
            "network_interface": [
              {
                "dns_record": [],
                "index": 0,
                "ip_address": "192.168.6.8",
                "ipv4": true,
                "ipv6": false,
                "ipv6_address": "",
                "ipv6_dns_record": [],
                "mac_address": "d0:0d:1f:aa:9e:43",
                "nat": true,
                "nat_dns_record": [],
                "nat_ip_address": "178.154.210.4",
                "nat_ip_version": "IPV4",
                "security_group_ids": [],
                "subnet_id": "b0cqgvds5pjn42tb6nre"
              }
            ],
            "placement_policy": [
              {
                "placement_group_id": ""
              }
            ],
            "platform_id": "standard-v1",
            "resources": [
              {
                "core_fraction": 100,
                "cores": 2,
                "gpus": 0,
                "memory": 2
              }
            ],
            "scheduling_policy": [
              {
                "preemptible": false
              }
            ],
            "secondary_disk": [],
            "service_account_id": "",
            "status": "running",
            "timeouts": null,
            "zone": "ru-central1-c"
          },
          "sensitive_attributes": [],
          "private": "eyJlMmJmYjczMC1lY2FhLTExZTYtOGY4OC0zNDM2M2JjN2M0YzAiOnsiY3JlYXRlIjozMDAwMDAwMDAwMDAsImRlbGV0ZSI6MzAwMDAwMDAwMDAwLCJ1cGRhdGUiOjMwMDAwMDAwMDAwMH0sInNjaGVtYV92ZXJzaW9uIjoiMSJ9",
          "dependencies": [
            "yandex_vpc_network.network-1",
            "yandex_vpc_subnet.subnet-1"
          ]
        }
      ]
    },
    {
      "mode": "managed",
      "type": "yandex_vpc_network",
      "name": "network-1",
      "provider": "provider[\"registry.terraform.io/yandex-cloud/yandex\"]",
      "instances": [
        {
          "schema_version": 0,
          "attributes": {
            "created_at": "2021-10-15T15:01:48Z",
            "default_security_group_id": "",
            "description": "",
            "folder_id": "b1g5dp1pciuk5oqnra39",
            "id": "enph0tfav39lub7n5m7g",
            "labels": {},
            "name": "network1",
            "subnet_ids": [],
            "timeouts": null
          },
          "sensitive_attributes": [],
          "private": "eyJlMmJmYjczMC1lY2FhLTExZTYtOGY4OC0zNDM2M2JjN2M0YzAiOnsiY3JlYXRlIjo2MDAwMDAwMDAwMCwiZGVsZXRlIjo2MDAwMDAwMDAwMCwidXBkYXRlIjo2MDAwMDAwMDAwMH19"
        }
      ]
    },
    {
      "mode": "managed",
      "type": "yandex_vpc_subnet",
      "name": "subnet-1",
      "provider": "provider[\"registry.terraform.io/yandex-cloud/yandex\"]",
      "instances": [
        {
          "schema_version": 0,
          "attributes": {
            "created_at": "2021-10-15T15:01:49Z",
            "description": "",
            "dhcp_options": [],
            "folder_id": "b1g5dp1pciuk5oqnra39",
            "id": "b0cqgvds5pjn42tb6nre",
            "labels": {},
            "name": "subnet1",
            "network_id": "enph0tfav39lub7n5m7g",
            "route_table_id": "",
            "timeouts": null,
            "v4_cidr_blocks": [
              "192.168.6.0/24"
            ],
            "v6_cidr_blocks": [],
            "zone": "ru-central1-c"
          },
          "sensitive_attributes": [],
          "private": "eyJlMmJmYjczMC1lY2FhLTExZTYtOGY4OC0zNDM2M2JjN2M0YzAiOnsiY3JlYXRlIjoxODAwMDAwMDAwMDAsImRlbGV0ZSI6MTgwMDAwMDAwMDAwLCJ1cGRhdGUiOjE4MDAwMDAwMDAwMH19",
          "dependencies": [
            "yandex_vpc_network.network-1"
          ]
        }
      ]
    }
  ]
}
