{
  "version": 4,
  "terraform_version": "1.0.8",
  "serial": 272,
  "lineage": "b171c8f9-759c-4f60-1e52-8c9e53fab23a",
  "outputs": {
    "external_ip_address_db": {
      "value": [
        "178.154.232.34"
      ],
      "type": [
        "tuple",
        [
          "string"
        ]
      ]
    },
    "external_ip_address_fe0": {
      "value": "178.154.235.82",
      "type": "string"
    },
    "external_ip_address_fe1": {
      "value": "178.154.235.184",
      "type": "string"
    },
    "external_ip_address_iscsi": {
      "value": [
        "178.154.235.158"
      ],
      "type": [
        "tuple",
        [
          "string"
        ]
      ]
    },
    "external_ip_address_origin": {
      "value": [
        "178.154.235.40"
      ],
      "type": [
        "tuple",
        [
          "string"
        ]
      ]
    },
    "external_ip_address_web0": {
      "value": "178.154.232.107",
      "type": "string"
    },
    "external_ip_address_web1": {
      "value": "178.154.233.191",
      "type": "string"
    },
    "external_ip_address_web2": {
      "value": "178.154.235.196",
      "type": "string"
    },
    "hostname_web0": {
      "value": "ef3oec89on7mt5vkppel",
      "type": "string"
    },
    "hostname_web1": {
      "value": "ef3droab3fdpermmqo90",
      "type": "string"
    },
    "hostname_web2": {
      "value": "ef32j2dt3etm6ag0m39b",
      "type": "string"
    },
    "internal_ip_address_db": {
      "value": [
        "192.168.6.40"
      ],
      "type": [
        "tuple",
        [
          "string"
        ]
      ]
    },
    "internal_ip_address_fe0": {
      "value": "192.168.6.15",
      "type": "string"
    },
    "internal_ip_address_fe1": {
      "value": "192.168.6.30",
      "type": "string"
    },
    "internal_ip_address_iscsi": {
      "value": [
        "192.168.6.18"
      ],
      "type": [
        "tuple",
        [
          "string"
        ]
      ]
    },
    "internal_ip_address_origin": {
      "value": [
        "192.168.6.28"
      ],
      "type": [
        "tuple",
        [
          "string"
        ]
      ]
    },
    "internal_ip_address_web0": {
      "value": "192.168.6.19",
      "type": "string"
    },
    "internal_ip_address_web1": {
      "value": "192.168.6.22",
      "type": "string"
    },
    "internal_ip_address_web2": {
      "value": "192.168.6.8",
      "type": "string"
    }
  },
  "resources": [
    {
      "mode": "managed",
      "type": "yandex_compute_disk",
      "name": "iscsi_disk",
      "provider": "provider[\"registry.terraform.io/yandex-cloud/yandex\"]",
      "instances": [
        {
          "schema_version": 0,
          "attributes": {
            "created_at": "2021-10-14T16:42:51Z",
            "description": "",
            "disk_placement_policy": [
              {
                "disk_placement_group_id": ""
              }
            ],
            "folder_id": "b1g5dp1pciuk5oqnra39",
            "id": "ef32l3kuh71updh19rdq",
            "image_id": "",
            "labels": null,
            "name": "iscsi",
            "product_ids": [],
            "size": 1,
            "snapshot_id": "",
            "status": "ready",
            "timeouts": null,
            "type": "network-hdd",
            "zone": "ru-central1-c"
          },
          "sensitive_attributes": [],
          "private": "eyJlMmJmYjczMC1lY2FhLTExZTYtOGY4OC0zNDM2M2JjN2M0YzAiOnsiY3JlYXRlIjozMDAwMDAwMDAwMDAsImRlbGV0ZSI6MzAwMDAwMDAwMDAwLCJ1cGRhdGUiOjMwMDAwMDAwMDAwMH19"
        }
      ]
    },
    {
      "mode": "managed",
      "type": "yandex_compute_instance",
      "name": "db",
      "provider": "provider[\"registry.terraform.io/yandex-cloud/yandex\"]",
      "instances": [
        {
          "schema_version": 1,
          "attributes": {
            "allow_stopping_for_update": null,
            "boot_disk": [
              {
                "auto_delete": true,
                "device_name": "ef3h0ustv4qmv8eumanq",
                "disk_id": "ef3h0ustv4qmv8eumanq",
                "initialize_params": [
                  {
                    "description": "",
                    "image_id": "fd83klic6c8gfgi40urb",
                    "name": "",
                    "size": 3,
                    "snapshot_id": "",
                    "type": "network-hdd"
                  }
                ],
                "mode": "READ_WRITE"
              }
            ],
            "created_at": "2021-10-14T16:42:52Z",
            "description": "",
            "folder_id": "b1g5dp1pciuk5oqnra39",
            "fqdn": "ef3gi85omj10ffml2d07.auto.internal",
            "hostname": "ef3gi85omj10ffml2d07",
            "id": "ef3gi85omj10ffml2d07",
            "labels": null,
            "metadata": {
              "ssh-keys": "ubuntu:ssh-rsa AAAAB3NzaC1yc2EAAAADAQABAAABAQC7WPr8GJ4MQrL1ZSwcnKExfjY6XB143AM6ZMhP+UwJKaA/7wlRW80et/S5Zn/+L1Eo47JN5g5J9g8b67mdQlNLOOI1ovivxQ7MonQ4zWdscb81NM09z5EmVDgsYjSpFjKvHqEmMrQnGa8S2+ncJogXPyTzmdDgfbq48ITqMGy8JNiuXnk7WwfVjzN7r3dtlEERGdpSav5CfpwfOhgafy/T3QOwVSUN5KYFs+hqV4mN843g9H3e0cSkBzM1onptRdH1v7XiyAMGBrZHL57WOX+NT6YJAwTNlzPOdJDMQ2xwM1/KPcfDi0YXFeZLL1981MmgW35he8ZBexuzjCWFBAlx dv@hermes\n"
            },
            "name": "db",
            "network_acceleration_type": "standard",
            "network_interface": [
              {
                "dns_record": [],
                "index": 0,
                "ip_address": "192.168.6.40",
                "ipv4": true,
                "ipv6": false,
                "ipv6_address": "",
                "ipv6_dns_record": [],
                "mac_address": "d0:0d:10:92:0b:8b",
                "nat": true,
                "nat_dns_record": [],
                "nat_ip_address": "178.154.232.34",
                "nat_ip_version": "IPV4",
                "security_group_ids": [],
                "subnet_id": "b0c34f65mau5r72ftnoj"
              }
            ],
            "placement_policy": [
              {
                "placement_group_id": ""
              }
            ],
            "platform_id": "standard-v1",
            "resources": [
              {
                "core_fraction": 100,
                "cores": 2,
                "gpus": 0,
                "memory": 2
              }
            ],
            "scheduling_policy": [
              {
                "preemptible": false
              }
            ],
            "secondary_disk": [],
            "service_account_id": "",
            "status": "running",
            "timeouts": null,
            "zone": "ru-central1-c"
          },
          "sensitive_attributes": [],
          "private": "eyJlMmJmYjczMC1lY2FhLTExZTYtOGY4OC0zNDM2M2JjN2M0YzAiOnsiY3JlYXRlIjozMDAwMDAwMDAwMDAsImRlbGV0ZSI6MzAwMDAwMDAwMDAwLCJ1cGRhdGUiOjMwMDAwMDAwMDAwMH0sInNjaGVtYV92ZXJzaW9uIjoiMSJ9",
          "dependencies": [
            "yandex_vpc_network.network-1",
            "yandex_vpc_subnet.subnet-1"
          ]
        }
      ]
    },
    {
      "mode": "managed",
      "type": "yandex_compute_instance",
      "name": "fe",
      "provider": "provider[\"registry.terraform.io/yandex-cloud/yandex\"]",
      "instances": [
        {
          "index_key": 0,
          "schema_version": 1,
          "attributes": {
            "allow_stopping_for_update": null,
            "boot_disk": [
              {
                "auto_delete": true,
                "device_name": "ef3morua462hi61gtrns",
                "disk_id": "ef3morua462hi61gtrns",
                "initialize_params": [
                  {
                    "description": "",
                    "image_id": "fd83klic6c8gfgi40urb",
                    "name": "",
                    "size": 3,
                    "snapshot_id": "",
                    "type": "network-hdd"
                  }
                ],
                "mode": "READ_WRITE"
              }
            ],
            "created_at": "2021-10-14T16:42:52Z",
            "description": "",
            "folder_id": "b1g5dp1pciuk5oqnra39",
            "fqdn": "ef3552heriu2jsi8gc6e.auto.internal",
            "hostname": "ef3552heriu2jsi8gc6e",
            "id": "ef3552heriu2jsi8gc6e",
            "labels": null,
            "metadata": {
              "ssh-keys": "ubuntu:ssh-rsa AAAAB3NzaC1yc2EAAAADAQABAAABAQC7WPr8GJ4MQrL1ZSwcnKExfjY6XB143AM6ZMhP+UwJKaA/7wlRW80et/S5Zn/+L1Eo47JN5g5J9g8b67mdQlNLOOI1ovivxQ7MonQ4zWdscb81NM09z5EmVDgsYjSpFjKvHqEmMrQnGa8S2+ncJogXPyTzmdDgfbq48ITqMGy8JNiuXnk7WwfVjzN7r3dtlEERGdpSav5CfpwfOhgafy/T3QOwVSUN5KYFs+hqV4mN843g9H3e0cSkBzM1onptRdH1v7XiyAMGBrZHL57WOX+NT6YJAwTNlzPOdJDMQ2xwM1/KPcfDi0YXFeZLL1981MmgW35he8ZBexuzjCWFBAlx dv@hermes\n"
            },
            "name": "fe0",
            "network_acceleration_type": "standard",
            "network_interface": [
              {
                "dns_record": [],
                "index": 0,
                "ip_address": "192.168.6.15",
                "ipv4": true,
                "ipv6": false,
                "ipv6_address": "",
                "ipv6_dns_record": [],
                "mac_address": "d0:0d:52:8a:2e:dc",
                "nat": true,
                "nat_dns_record": [],
                "nat_ip_address": "178.154.235.82",
                "nat_ip_version": "IPV4",
                "security_group_ids": [],
                "subnet_id": "b0c34f65mau5r72ftnoj"
              }
            ],
            "placement_policy": [
              {
                "placement_group_id": ""
              }
            ],
            "platform_id": "standard-v1",
            "resources": [
              {
                "core_fraction": 100,
                "cores": 2,
                "gpus": 0,
                "memory": 2
              }
            ],
            "scheduling_policy": [
              {
                "preemptible": false
              }
            ],
            "secondary_disk": [],
            "service_account_id": "",
            "status": "running",
            "timeouts": null,
            "zone": "ru-central1-c"
          },
          "sensitive_attributes": [],
          "private": "eyJlMmJmYjczMC1lY2FhLTExZTYtOGY4OC0zNDM2M2JjN2M0YzAiOnsiY3JlYXRlIjozMDAwMDAwMDAwMDAsImRlbGV0ZSI6MzAwMDAwMDAwMDAwLCJ1cGRhdGUiOjMwMDAwMDAwMDAwMH0sInNjaGVtYV92ZXJzaW9uIjoiMSJ9",
          "dependencies": [
            "yandex_vpc_network.network-1",
            "yandex_vpc_subnet.subnet-1"
          ]
        },
        {
          "index_key": 1,
          "schema_version": 1,
          "attributes": {
            "allow_stopping_for_update": null,
            "boot_disk": [
              {
                "auto_delete": true,
                "device_name": "ef3jiig65guoq0ughorq",
                "disk_id": "ef3jiig65guoq0ughorq",
                "initialize_params": [
                  {
                    "description": "",
                    "image_id": "fd83klic6c8gfgi40urb",
                    "name": "",
                    "size": 3,
                    "snapshot_id": "",
                    "type": "network-hdd"
                  }
                ],
                "mode": "READ_WRITE"
              }
            ],
            "created_at": "2021-10-14T16:42:52Z",
            "description": "",
            "folder_id": "b1g5dp1pciuk5oqnra39",
            "fqdn": "ef3s69n5ubcl0cqf4acf.auto.internal",
            "hostname": "ef3s69n5ubcl0cqf4acf",
            "id": "ef3s69n5ubcl0cqf4acf",
            "labels": null,
            "metadata": {
              "ssh-keys": "ubuntu:ssh-rsa AAAAB3NzaC1yc2EAAAADAQABAAABAQC7WPr8GJ4MQrL1ZSwcnKExfjY6XB143AM6ZMhP+UwJKaA/7wlRW80et/S5Zn/+L1Eo47JN5g5J9g8b67mdQlNLOOI1ovivxQ7MonQ4zWdscb81NM09z5EmVDgsYjSpFjKvHqEmMrQnGa8S2+ncJogXPyTzmdDgfbq48ITqMGy8JNiuXnk7WwfVjzN7r3dtlEERGdpSav5CfpwfOhgafy/T3QOwVSUN5KYFs+hqV4mN843g9H3e0cSkBzM1onptRdH1v7XiyAMGBrZHL57WOX+NT6YJAwTNlzPOdJDMQ2xwM1/KPcfDi0YXFeZLL1981MmgW35he8ZBexuzjCWFBAlx dv@hermes\n"
            },
            "name": "fe1",
            "network_acceleration_type": "standard",
            "network_interface": [
              {
                "dns_record": [],
                "index": 0,
                "ip_address": "192.168.6.30",
                "ipv4": true,
                "ipv6": false,
                "ipv6_address": "",
                "ipv6_dns_record": [],
                "mac_address": "d0:0d:1c:32:6e:5f",
                "nat": true,
                "nat_dns_record": [],
                "nat_ip_address": "178.154.235.184",
                "nat_ip_version": "IPV4",
                "security_group_ids": [],
                "subnet_id": "b0c34f65mau5r72ftnoj"
              }
            ],
            "placement_policy": [
              {
                "placement_group_id": ""
              }
            ],
            "platform_id": "standard-v1",
            "resources": [
              {
                "core_fraction": 100,
                "cores": 2,
                "gpus": 0,
                "memory": 2
              }
            ],
            "scheduling_policy": [
              {
                "preemptible": false
              }
            ],
            "secondary_disk": [],
            "service_account_id": "",
            "status": "running",
            "timeouts": null,
            "zone": "ru-central1-c"
          },
          "sensitive_attributes": [],
          "private": "eyJlMmJmYjczMC1lY2FhLTExZTYtOGY4OC0zNDM2M2JjN2M0YzAiOnsiY3JlYXRlIjozMDAwMDAwMDAwMDAsImRlbGV0ZSI6MzAwMDAwMDAwMDAwLCJ1cGRhdGUiOjMwMDAwMDAwMDAwMH0sInNjaGVtYV92ZXJzaW9uIjoiMSJ9",
          "dependencies": [
            "yandex_vpc_network.network-1",
            "yandex_vpc_subnet.subnet-1"
          ]
        }
      ]
    },
    {
      "mode": "managed",
      "type": "yandex_compute_instance",
      "name": "iscsi",
      "provider": "provider[\"registry.terraform.io/yandex-cloud/yandex\"]",
      "instances": [
        {
          "schema_version": 1,
          "attributes": {
            "allow_stopping_for_update": null,
            "boot_disk": [
              {
                "auto_delete": true,
                "device_name": "ef3hes89u32gin2pajd9",
                "disk_id": "ef3hes89u32gin2pajd9",
                "initialize_params": [
                  {
                    "description": "",
                    "image_id": "fd83869rbingor0in0ui",
                    "name": "",
                    "size": 8,
                    "snapshot_id": "",
                    "type": "network-hdd"
                  }
                ],
                "mode": "READ_WRITE"
              }
            ],
            "created_at": "2021-10-14T16:42:56Z",
            "description": "",
            "folder_id": "b1g5dp1pciuk5oqnra39",
            "fqdn": "ef3gronqnsfbjqujvcqv.auto.internal",
            "hostname": "ef3gronqnsfbjqujvcqv",
            "id": "ef3gronqnsfbjqujvcqv",
            "labels": null,
            "metadata": {
              "ssh-keys": "centos:ssh-rsa AAAAB3NzaC1yc2EAAAADAQABAAABAQC7WPr8GJ4MQrL1ZSwcnKExfjY6XB143AM6ZMhP+UwJKaA/7wlRW80et/S5Zn/+L1Eo47JN5g5J9g8b67mdQlNLOOI1ovivxQ7MonQ4zWdscb81NM09z5EmVDgsYjSpFjKvHqEmMrQnGa8S2+ncJogXPyTzmdDgfbq48ITqMGy8JNiuXnk7WwfVjzN7r3dtlEERGdpSav5CfpwfOhgafy/T3QOwVSUN5KYFs+hqV4mN843g9H3e0cSkBzM1onptRdH1v7XiyAMGBrZHL57WOX+NT6YJAwTNlzPOdJDMQ2xwM1/KPcfDi0YXFeZLL1981MmgW35he8ZBexuzjCWFBAlx dv@hermes\n"
            },
            "name": "iscsi",
            "network_acceleration_type": "standard",
            "network_interface": [
              {
                "dns_record": [],
                "index": 0,
                "ip_address": "192.168.6.18",
                "ipv4": true,
                "ipv6": false,
                "ipv6_address": "",
                "ipv6_dns_record": [],
                "mac_address": "d0:0d:10:de:2f:ab",
                "nat": true,
                "nat_dns_record": [],
                "nat_ip_address": "178.154.235.158",
                "nat_ip_version": "IPV4",
                "security_group_ids": [],
                "subnet_id": "b0c34f65mau5r72ftnoj"
              }
            ],
            "placement_policy": [
              {
                "placement_group_id": ""
              }
            ],
            "platform_id": "standard-v1",
            "resources": [
              {
                "core_fraction": 100,
                "cores": 2,
                "gpus": 0,
                "memory": 2
              }
            ],
            "scheduling_policy": [
              {
                "preemptible": false
              }
            ],
            "secondary_disk": [
              {
                "auto_delete": false,
                "device_name": "ef32l3kuh71updh19rdq",
                "disk_id": "ef32l3kuh71updh19rdq",
                "mode": "READ_WRITE"
              }
            ],
            "service_account_id": "",
            "status": "running",
            "timeouts": null,
            "zone": "ru-central1-c"
          },
          "sensitive_attributes": [],
          "private": "eyJlMmJmYjczMC1lY2FhLTExZTYtOGY4OC0zNDM2M2JjN2M0YzAiOnsiY3JlYXRlIjozMDAwMDAwMDAwMDAsImRlbGV0ZSI6MzAwMDAwMDAwMDAwLCJ1cGRhdGUiOjMwMDAwMDAwMDAwMH0sInNjaGVtYV92ZXJzaW9uIjoiMSJ9",
          "dependencies": [
            "yandex_compute_disk.iscsi_disk",
            "yandex_vpc_network.network-1",
            "yandex_vpc_subnet.subnet-1"
          ]
        }
      ]
    },
    {
      "mode": "managed",
      "type": "yandex_compute_instance",
      "name": "origin",
      "provider": "provider[\"registry.terraform.io/yandex-cloud/yandex\"]",
      "instances": [
        {
          "schema_version": 1,
          "attributes": {
            "allow_stopping_for_update": null,
            "boot_disk": [
              {
                "auto_delete": true,
                "device_name": "ef3o8b1pv5rnkjba7mri",
                "disk_id": "ef3o8b1pv5rnkjba7mri",
                "initialize_params": [
                  {
                    "description": "",
                    "image_id": "fd83klic6c8gfgi40urb",
                    "name": "",
                    "size": 3,
                    "snapshot_id": "",
                    "type": "network-hdd"
                  }
                ],
                "mode": "READ_WRITE"
              }
            ],
            "created_at": "2021-10-14T16:42:52Z",
            "description": "",
            "folder_id": "b1g5dp1pciuk5oqnra39",
            "fqdn": "ef31pvibr65qjsnkrv66.auto.internal",
            "hostname": "ef31pvibr65qjsnkrv66",
            "id": "ef31pvibr65qjsnkrv66",
            "labels": null,
            "metadata": {
              "ssh-keys": "ubuntu:ssh-rsa AAAAB3NzaC1yc2EAAAADAQABAAABAQC7WPr8GJ4MQrL1ZSwcnKExfjY6XB143AM6ZMhP+UwJKaA/7wlRW80et/S5Zn/+L1Eo47JN5g5J9g8b67mdQlNLOOI1ovivxQ7MonQ4zWdscb81NM09z5EmVDgsYjSpFjKvHqEmMrQnGa8S2+ncJogXPyTzmdDgfbq48ITqMGy8JNiuXnk7WwfVjzN7r3dtlEERGdpSav5CfpwfOhgafy/T3QOwVSUN5KYFs+hqV4mN843g9H3e0cSkBzM1onptRdH1v7XiyAMGBrZHL57WOX+NT6YJAwTNlzPOdJDMQ2xwM1/KPcfDi0YXFeZLL1981MmgW35he8ZBexuzjCWFBAlx dv@hermes\n"
            },
            "name": "origin",
            "network_acceleration_type": "standard",
            "network_interface": [
              {
                "dns_record": [],
                "index": 0,
                "ip_address": "192.168.6.28",
                "ipv4": true,
                "ipv6": false,
                "ipv6_address": "",
                "ipv6_dns_record": [],
                "mac_address": "d0:0d:1c:fe:4b:d9",
                "nat": true,
                "nat_dns_record": [],
                "nat_ip_address": "178.154.235.40",
                "nat_ip_version": "IPV4",
                "security_group_ids": [],
                "subnet_id": "b0c34f65mau5r72ftnoj"
              }
            ],
            "placement_policy": [
              {
                "placement_group_id": ""
              }
            ],
            "platform_id": "standard-v1",
            "resources": [
              {
                "core_fraction": 100,
                "cores": 2,
                "gpus": 0,
                "memory": 2
              }
            ],
            "scheduling_policy": [
              {
                "preemptible": false
              }
            ],
            "secondary_disk": [],
            "service_account_id": "",
            "status": "running",
            "timeouts": null,
            "zone": "ru-central1-c"
          },
          "sensitive_attributes": [],
          "private": "eyJlMmJmYjczMC1lY2FhLTExZTYtOGY4OC0zNDM2M2JjN2M0YzAiOnsiY3JlYXRlIjozMDAwMDAwMDAwMDAsImRlbGV0ZSI6MzAwMDAwMDAwMDAwLCJ1cGRhdGUiOjMwMDAwMDAwMDAwMH0sInNjaGVtYV92ZXJzaW9uIjoiMSJ9",
          "dependencies": [
            "yandex_vpc_network.network-1",
            "yandex_vpc_subnet.subnet-1"
          ]
        }
      ]
    },
    {
      "mode": "managed",
      "type": "yandex_compute_instance",
      "name": "web",
      "provider": "provider[\"registry.terraform.io/yandex-cloud/yandex\"]",
      "instances": [
        {
          "index_key": 0,
          "schema_version": 1,
          "attributes": {
            "allow_stopping_for_update": null,
            "boot_disk": [
              {
                "auto_delete": true,
                "device_name": "ef32q3dnoijbouudn7d3",
                "disk_id": "ef32q3dnoijbouudn7d3",
                "initialize_params": [
                  {
                    "description": "",
                    "image_id": "fd83869rbingor0in0ui",
                    "name": "",
                    "size": 8,
                    "snapshot_id": "",
                    "type": "network-hdd"
                  }
                ],
                "mode": "READ_WRITE"
              }
            ],
            "created_at": "2021-10-14T16:42:52Z",
            "description": "",
            "folder_id": "b1g5dp1pciuk5oqnra39",
            "fqdn": "ef3oec89on7mt5vkppel.auto.internal",
            "hostname": "ef3oec89on7mt5vkppel",
            "id": "ef3oec89on7mt5vkppel",
            "labels": null,
            "metadata": {
              "ssh-keys": "centos:ssh-rsa AAAAB3NzaC1yc2EAAAADAQABAAABAQC7WPr8GJ4MQrL1ZSwcnKExfjY6XB143AM6ZMhP+UwJKaA/7wlRW80et/S5Zn/+L1Eo47JN5g5J9g8b67mdQlNLOOI1ovivxQ7MonQ4zWdscb81NM09z5EmVDgsYjSpFjKvHqEmMrQnGa8S2+ncJogXPyTzmdDgfbq48ITqMGy8JNiuXnk7WwfVjzN7r3dtlEERGdpSav5CfpwfOhgafy/T3QOwVSUN5KYFs+hqV4mN843g9H3e0cSkBzM1onptRdH1v7XiyAMGBrZHL57WOX+NT6YJAwTNlzPOdJDMQ2xwM1/KPcfDi0YXFeZLL1981MmgW35he8ZBexuzjCWFBAlx dv@hermes\n"
            },
            "name": "web0",
            "network_acceleration_type": "standard",
            "network_interface": [
              {
                "dns_record": [],
                "index": 0,
                "ip_address": "192.168.6.19",
                "ipv4": true,
                "ipv6": false,
                "ipv6_address": "",
                "ipv6_dns_record": [],
                "mac_address": "d0:0d:18:73:10:9c",
                "nat": true,
                "nat_dns_record": [],
                "nat_ip_address": "178.154.232.107",
                "nat_ip_version": "IPV4",
                "security_group_ids": [],
                "subnet_id": "b0c34f65mau5r72ftnoj"
              }
            ],
            "placement_policy": [
              {
                "placement_group_id": ""
              }
            ],
            "platform_id": "standard-v1",
            "resources": [
              {
                "core_fraction": 100,
                "cores": 2,
                "gpus": 0,
                "memory": 2
              }
            ],
            "scheduling_policy": [
              {
                "preemptible": false
              }
            ],
            "secondary_disk": [],
            "service_account_id": "",
            "status": "running",
            "timeouts": null,
            "zone": "ru-central1-c"
          },
          "sensitive_attributes": [],
          "private": "eyJlMmJmYjczMC1lY2FhLTExZTYtOGY4OC0zNDM2M2JjN2M0YzAiOnsiY3JlYXRlIjozMDAwMDAwMDAwMDAsImRlbGV0ZSI6MzAwMDAwMDAwMDAwLCJ1cGRhdGUiOjMwMDAwMDAwMDAwMH0sInNjaGVtYV92ZXJzaW9uIjoiMSJ9",
          "dependencies": [
            "yandex_vpc_network.network-1",
            "yandex_vpc_subnet.subnet-1"
          ]
        },
        {
          "index_key": 1,
          "schema_version": 1,
          "attributes": {
            "allow_stopping_for_update": null,
            "boot_disk": [
              {
                "auto_delete": true,
                "device_name": "ef3vcgbd00sqml8elele",
                "disk_id": "ef3vcgbd00sqml8elele",
                "initialize_params": [
                  {
                    "description": "",
                    "image_id": "fd83869rbingor0in0ui",
                    "name": "",
                    "size": 8,
                    "snapshot_id": "",
                    "type": "network-hdd"
                  }
                ],
                "mode": "READ_WRITE"
              }
            ],
            "created_at": "2021-10-14T16:42:53Z",
            "description": "",
            "folder_id": "b1g5dp1pciuk5oqnra39",
            "fqdn": "ef3droab3fdpermmqo90.auto.internal",
            "hostname": "ef3droab3fdpermmqo90",
            "id": "ef3droab3fdpermmqo90",
            "labels": null,
            "metadata": {
              "ssh-keys": "centos:ssh-rsa AAAAB3NzaC1yc2EAAAADAQABAAABAQC7WPr8GJ4MQrL1ZSwcnKExfjY6XB143AM6ZMhP+UwJKaA/7wlRW80et/S5Zn/+L1Eo47JN5g5J9g8b67mdQlNLOOI1ovivxQ7MonQ4zWdscb81NM09z5EmVDgsYjSpFjKvHqEmMrQnGa8S2+ncJogXPyTzmdDgfbq48ITqMGy8JNiuXnk7WwfVjzN7r3dtlEERGdpSav5CfpwfOhgafy/T3QOwVSUN5KYFs+hqV4mN843g9H3e0cSkBzM1onptRdH1v7XiyAMGBrZHL57WOX+NT6YJAwTNlzPOdJDMQ2xwM1/KPcfDi0YXFeZLL1981MmgW35he8ZBexuzjCWFBAlx dv@hermes\n"
            },
            "name": "web1",
            "network_acceleration_type": "standard",
            "network_interface": [
              {
                "dns_record": [],
                "index": 0,
                "ip_address": "192.168.6.22",
                "ipv4": true,
                "ipv6": false,
                "ipv6_address": "",
                "ipv6_dns_record": [],
                "mac_address": "d0:0d:dd:e1:4b:1b",
                "nat": true,
                "nat_dns_record": [],
                "nat_ip_address": "178.154.233.191",
                "nat_ip_version": "IPV4",
                "security_group_ids": [],
                "subnet_id": "b0c34f65mau5r72ftnoj"
              }
            ],
            "placement_policy": [
              {
                "placement_group_id": ""
              }
            ],
            "platform_id": "standard-v1",
            "resources": [
              {
                "core_fraction": 100,
                "cores": 2,
                "gpus": 0,
                "memory": 2
              }
            ],
            "scheduling_policy": [
              {
                "preemptible": false
              }
            ],
            "secondary_disk": [],
            "service_account_id": "",
            "status": "running",
            "timeouts": null,
            "zone": "ru-central1-c"
          },
          "sensitive_attributes": [],
          "private": "eyJlMmJmYjczMC1lY2FhLTExZTYtOGY4OC0zNDM2M2JjN2M0YzAiOnsiY3JlYXRlIjozMDAwMDAwMDAwMDAsImRlbGV0ZSI6MzAwMDAwMDAwMDAwLCJ1cGRhdGUiOjMwMDAwMDAwMDAwMH0sInNjaGVtYV92ZXJzaW9uIjoiMSJ9",
          "dependencies": [
            "yandex_vpc_network.network-1",
            "yandex_vpc_subnet.subnet-1"
          ]
        },
        {
          "index_key": 2,
          "schema_version": 1,
          "attributes": {
            "allow_stopping_for_update": null,
            "boot_disk": [
              {
                "auto_delete": true,
                "device_name": "ef3s9cilhjnt5441hhvc",
                "disk_id": "ef3s9cilhjnt5441hhvc",
                "initialize_params": [
                  {
                    "description": "",
                    "image_id": "fd83869rbingor0in0ui",
                    "name": "",
                    "size": 8,
                    "snapshot_id": "",
                    "type": "network-hdd"
                  }
                ],
                "mode": "READ_WRITE"
              }
            ],
            "created_at": "2021-10-14T16:42:52Z",
            "description": "",
            "folder_id": "b1g5dp1pciuk5oqnra39",
            "fqdn": "ef32j2dt3etm6ag0m39b.auto.internal",
            "hostname": "ef32j2dt3etm6ag0m39b",
            "id": "ef32j2dt3etm6ag0m39b",
            "labels": null,
            "metadata": {
              "ssh-keys": "centos:ssh-rsa AAAAB3NzaC1yc2EAAAADAQABAAABAQC7WPr8GJ4MQrL1ZSwcnKExfjY6XB143AM6ZMhP+UwJKaA/7wlRW80et/S5Zn/+L1Eo47JN5g5J9g8b67mdQlNLOOI1ovivxQ7MonQ4zWdscb81NM09z5EmVDgsYjSpFjKvHqEmMrQnGa8S2+ncJogXPyTzmdDgfbq48ITqMGy8JNiuXnk7WwfVjzN7r3dtlEERGdpSav5CfpwfOhgafy/T3QOwVSUN5KYFs+hqV4mN843g9H3e0cSkBzM1onptRdH1v7XiyAMGBrZHL57WOX+NT6YJAwTNlzPOdJDMQ2xwM1/KPcfDi0YXFeZLL1981MmgW35he8ZBexuzjCWFBAlx dv@hermes\n"
            },
            "name": "web2",
            "network_acceleration_type": "standard",
            "network_interface": [
              {
                "dns_record": [],
                "index": 0,
                "ip_address": "192.168.6.8",
                "ipv4": true,
                "ipv6": false,
                "ipv6_address": "",
                "ipv6_dns_record": [],
                "mac_address": "d0:0d:29:89:bd:1b",
                "nat": true,
                "nat_dns_record": [],
                "nat_ip_address": "178.154.235.196",
                "nat_ip_version": "IPV4",
                "security_group_ids": [],
                "subnet_id": "b0c34f65mau5r72ftnoj"
              }
            ],
            "placement_policy": [
              {
                "placement_group_id": ""
              }
            ],
            "platform_id": "standard-v1",
            "resources": [
              {
                "core_fraction": 100,
                "cores": 2,
                "gpus": 0,
                "memory": 2
              }
            ],
            "scheduling_policy": [
              {
                "preemptible": false
              }
            ],
            "secondary_disk": [],
            "service_account_id": "",
            "status": "running",
            "timeouts": null,
            "zone": "ru-central1-c"
          },
          "sensitive_attributes": [],
          "private": "eyJlMmJmYjczMC1lY2FhLTExZTYtOGY4OC0zNDM2M2JjN2M0YzAiOnsiY3JlYXRlIjozMDAwMDAwMDAwMDAsImRlbGV0ZSI6MzAwMDAwMDAwMDAwLCJ1cGRhdGUiOjMwMDAwMDAwMDAwMH0sInNjaGVtYV92ZXJzaW9uIjoiMSJ9",
          "dependencies": [
            "yandex_vpc_network.network-1",
            "yandex_vpc_subnet.subnet-1"
          ]
        }
      ]
    },
    {
      "mode": "managed",
      "type": "yandex_vpc_network",
      "name": "network-1",
      "provider": "provider[\"registry.terraform.io/yandex-cloud/yandex\"]",
      "instances": [
        {
          "schema_version": 0,
          "attributes": {
            "created_at": "2021-10-14T16:42:51Z",
            "default_security_group_id": "",
            "description": "",
            "folder_id": "b1g5dp1pciuk5oqnra39",
            "id": "enpkcf8vth4s86cp9fne",
            "labels": {},
            "name": "network1",
            "subnet_ids": [],
            "timeouts": null
          },
          "sensitive_attributes": [],
          "private": "eyJlMmJmYjczMC1lY2FhLTExZTYtOGY4OC0zNDM2M2JjN2M0YzAiOnsiY3JlYXRlIjo2MDAwMDAwMDAwMCwiZGVsZXRlIjo2MDAwMDAwMDAwMCwidXBkYXRlIjo2MDAwMDAwMDAwMH19"
        }
      ]
    },
    {
      "mode": "managed",
      "type": "yandex_vpc_subnet",
      "name": "subnet-1",
      "provider": "provider[\"registry.terraform.io/yandex-cloud/yandex\"]",
      "instances": [
        {
          "schema_version": 0,
          "attributes": {
            "created_at": "2021-10-14T16:42:52Z",
            "description": "",
            "dhcp_options": [],
            "folder_id": "b1g5dp1pciuk5oqnra39",
            "id": "b0c34f65mau5r72ftnoj",
            "labels": {},
            "name": "subnet1",
            "network_id": "enpkcf8vth4s86cp9fne",
            "route_table_id": "",
            "timeouts": null,
            "v4_cidr_blocks": [
              "192.168.6.0/24"
            ],
            "v6_cidr_blocks": [],
            "zone": "ru-central1-c"
          },
          "sensitive_attributes": [],
          "private": "eyJlMmJmYjczMC1lY2FhLTExZTYtOGY4OC0zNDM2M2JjN2M0YzAiOnsiY3JlYXRlIjoxODAwMDAwMDAwMDAsImRlbGV0ZSI6MTgwMDAwMDAwMDAwLCJ1cGRhdGUiOjE4MDAwMDAwMDAwMH19",
          "dependencies": [
            "yandex_vpc_network.network-1"
          ]
        }
      ]
    }
  ]
}
