{
  "version": 4,
  "terraform_version": "1.0.8",
  "serial": 656,
  "lineage": "b171c8f9-759c-4f60-1e52-8c9e53fab23a",
  "outputs": {
    "external_ip_address_db": {
      "value": [
        "178.154.209.240"
      ],
      "type": [
        "tuple",
        [
          "string"
        ]
      ]
    },
    "external_ip_address_fe0": {
      "value": "178.154.215.52",
      "type": "string"
    },
    "external_ip_address_fe1": {
      "value": "178.154.210.69",
      "type": "string"
    },
    "external_ip_address_iscsi": {
      "value": [
        "178.154.209.117"
      ],
      "type": [
        "tuple",
        [
          "string"
        ]
      ]
    },
    "external_ip_address_origin": {
      "value": [
        "178.154.215.74"
      ],
      "type": [
        "tuple",
        [
          "string"
        ]
      ]
    },
    "external_ip_address_web0": {
      "value": "178.154.215.213",
      "type": "string"
    },
    "external_ip_address_web1": {
      "value": "178.154.210.114",
      "type": "string"
    },
    "external_ip_address_web2": {
      "value": "178.154.214.10",
      "type": "string"
    },
    "hostname_web0": {
      "value": "ef3t1ujq6ro14vs2ltvi",
      "type": "string"
    },
    "hostname_web1": {
      "value": "ef3kgp77q1idhrbqu1bl",
      "type": "string"
    },
    "hostname_web2": {
      "value": "ef3l0qlspaith12b0091",
      "type": "string"
    },
    "internal_ip_address_db": {
      "value": [
        "192.168.6.3"
      ],
      "type": [
        "tuple",
        [
          "string"
        ]
      ]
    },
    "internal_ip_address_fe0": {
      "value": "192.168.6.18",
      "type": "string"
    },
    "internal_ip_address_fe1": {
      "value": "192.168.6.13",
      "type": "string"
    },
    "internal_ip_address_iscsi": {
      "value": [
        "192.168.6.34"
      ],
      "type": [
        "tuple",
        [
          "string"
        ]
      ]
    },
    "internal_ip_address_origin": {
      "value": [
        "192.168.6.32"
      ],
      "type": [
        "tuple",
        [
          "string"
        ]
      ]
    },
    "internal_ip_address_web0": {
      "value": "192.168.6.22",
      "type": "string"
    },
    "internal_ip_address_web1": {
      "value": "192.168.6.24",
      "type": "string"
    },
    "internal_ip_address_web2": {
      "value": "192.168.6.26",
      "type": "string"
    }
  },
  "resources": [
    {
      "mode": "managed",
      "type": "yandex_compute_disk",
      "name": "iscsi_disk",
      "provider": "provider[\"registry.terraform.io/yandex-cloud/yandex\"]",
      "instances": [
        {
          "schema_version": 0,
          "attributes": {
            "created_at": "2021-10-15T09:34:05Z",
            "description": "",
            "disk_placement_policy": [
              {
                "disk_placement_group_id": ""
              }
            ],
            "folder_id": "b1g5dp1pciuk5oqnra39",
            "id": "ef3q8inc575bfgu8qsqm",
            "image_id": "",
            "labels": null,
            "name": "iscsi",
            "product_ids": [],
            "size": 1,
            "snapshot_id": "",
            "status": "ready",
            "timeouts": null,
            "type": "network-hdd",
            "zone": "ru-central1-c"
          },
          "sensitive_attributes": [],
          "private": "eyJlMmJmYjczMC1lY2FhLTExZTYtOGY4OC0zNDM2M2JjN2M0YzAiOnsiY3JlYXRlIjozMDAwMDAwMDAwMDAsImRlbGV0ZSI6MzAwMDAwMDAwMDAwLCJ1cGRhdGUiOjMwMDAwMDAwMDAwMH19"
        }
      ]
    },
    {
      "mode": "managed",
      "type": "yandex_compute_instance",
      "name": "db",
      "provider": "provider[\"registry.terraform.io/yandex-cloud/yandex\"]",
      "instances": [
        {
          "schema_version": 1,
          "attributes": {
            "allow_stopping_for_update": null,
            "boot_disk": [
              {
                "auto_delete": true,
                "device_name": "ef3os9ntlnqiccq0vtad",
                "disk_id": "ef3os9ntlnqiccq0vtad",
                "initialize_params": [
                  {
                    "description": "",
                    "image_id": "fd83klic6c8gfgi40urb",
                    "name": "",
                    "size": 3,
                    "snapshot_id": "",
                    "type": "network-hdd"
                  }
                ],
                "mode": "READ_WRITE"
              }
            ],
            "created_at": "2021-10-15T09:34:07Z",
            "description": "",
            "folder_id": "b1g5dp1pciuk5oqnra39",
            "fqdn": "ef30kl31o12heqbl86dn.auto.internal",
            "hostname": "ef30kl31o12heqbl86dn",
            "id": "ef30kl31o12heqbl86dn",
            "labels": null,
            "metadata": {
              "ssh-keys": "ubuntu:ssh-rsa AAAAB3NzaC1yc2EAAAADAQABAAABAQC7WPr8GJ4MQrL1ZSwcnKExfjY6XB143AM6ZMhP+UwJKaA/7wlRW80et/S5Zn/+L1Eo47JN5g5J9g8b67mdQlNLOOI1ovivxQ7MonQ4zWdscb81NM09z5EmVDgsYjSpFjKvHqEmMrQnGa8S2+ncJogXPyTzmdDgfbq48ITqMGy8JNiuXnk7WwfVjzN7r3dtlEERGdpSav5CfpwfOhgafy/T3QOwVSUN5KYFs+hqV4mN843g9H3e0cSkBzM1onptRdH1v7XiyAMGBrZHL57WOX+NT6YJAwTNlzPOdJDMQ2xwM1/KPcfDi0YXFeZLL1981MmgW35he8ZBexuzjCWFBAlx dv@hermes\n"
            },
            "name": "db",
            "network_acceleration_type": "standard",
            "network_interface": [
              {
                "dns_record": [],
                "index": 0,
                "ip_address": "192.168.6.3",
                "ipv4": true,
                "ipv6": false,
                "ipv6_address": "",
                "ipv6_dns_record": [],
                "mac_address": "d0:0d:a5:46:1c:04",
                "nat": true,
                "nat_dns_record": [],
                "nat_ip_address": "178.154.209.240",
                "nat_ip_version": "IPV4",
                "security_group_ids": [],
                "subnet_id": "b0cpreomas2lh7a2veii"
              }
            ],
            "placement_policy": [
              {
                "placement_group_id": ""
              }
            ],
            "platform_id": "standard-v1",
            "resources": [
              {
                "core_fraction": 100,
                "cores": 2,
                "gpus": 0,
                "memory": 2
              }
            ],
            "scheduling_policy": [
              {
                "preemptible": false
              }
            ],
            "secondary_disk": [],
            "service_account_id": "",
            "status": "running",
            "timeouts": null,
            "zone": "ru-central1-c"
          },
          "sensitive_attributes": [],
          "private": "eyJlMmJmYjczMC1lY2FhLTExZTYtOGY4OC0zNDM2M2JjN2M0YzAiOnsiY3JlYXRlIjozMDAwMDAwMDAwMDAsImRlbGV0ZSI6MzAwMDAwMDAwMDAwLCJ1cGRhdGUiOjMwMDAwMDAwMDAwMH0sInNjaGVtYV92ZXJzaW9uIjoiMSJ9",
          "dependencies": [
            "yandex_vpc_network.network-1",
            "yandex_vpc_subnet.subnet-1"
          ]
        }
      ]
    },
    {
      "mode": "managed",
      "type": "yandex_compute_instance",
      "name": "fe",
      "provider": "provider[\"registry.terraform.io/yandex-cloud/yandex\"]",
      "instances": [
        {
          "index_key": 0,
          "schema_version": 1,
          "attributes": {
            "allow_stopping_for_update": null,
            "boot_disk": [
              {
                "auto_delete": true,
                "device_name": "ef3iisolrgarsqfkc670",
                "disk_id": "ef3iisolrgarsqfkc670",
                "initialize_params": [
                  {
                    "description": "",
                    "image_id": "fd83klic6c8gfgi40urb",
                    "name": "",
                    "size": 3,
                    "snapshot_id": "",
                    "type": "network-hdd"
                  }
                ],
                "mode": "READ_WRITE"
              }
            ],
            "created_at": "2021-10-15T09:34:07Z",
            "description": "",
            "folder_id": "b1g5dp1pciuk5oqnra39",
            "fqdn": "ef3ocu7ei9c5qp3evqp0.auto.internal",
            "hostname": "ef3ocu7ei9c5qp3evqp0",
            "id": "ef3ocu7ei9c5qp3evqp0",
            "labels": null,
            "metadata": {
              "ssh-keys": "ubuntu:ssh-rsa AAAAB3NzaC1yc2EAAAADAQABAAABAQC7WPr8GJ4MQrL1ZSwcnKExfjY6XB143AM6ZMhP+UwJKaA/7wlRW80et/S5Zn/+L1Eo47JN5g5J9g8b67mdQlNLOOI1ovivxQ7MonQ4zWdscb81NM09z5EmVDgsYjSpFjKvHqEmMrQnGa8S2+ncJogXPyTzmdDgfbq48ITqMGy8JNiuXnk7WwfVjzN7r3dtlEERGdpSav5CfpwfOhgafy/T3QOwVSUN5KYFs+hqV4mN843g9H3e0cSkBzM1onptRdH1v7XiyAMGBrZHL57WOX+NT6YJAwTNlzPOdJDMQ2xwM1/KPcfDi0YXFeZLL1981MmgW35he8ZBexuzjCWFBAlx dv@hermes\n"
            },
            "name": "fe0",
            "network_acceleration_type": "standard",
            "network_interface": [
              {
                "dns_record": [],
                "index": 0,
                "ip_address": "192.168.6.18",
                "ipv4": true,
                "ipv6": false,
                "ipv6_address": "",
                "ipv6_dns_record": [],
                "mac_address": "d0:0d:18:67:8e:e9",
                "nat": true,
                "nat_dns_record": [],
                "nat_ip_address": "178.154.215.52",
                "nat_ip_version": "IPV4",
                "security_group_ids": [],
                "subnet_id": "b0cpreomas2lh7a2veii"
              }
            ],
            "placement_policy": [
              {
                "placement_group_id": ""
              }
            ],
            "platform_id": "standard-v1",
            "resources": [
              {
                "core_fraction": 100,
                "cores": 2,
                "gpus": 0,
                "memory": 2
              }
            ],
            "scheduling_policy": [
              {
                "preemptible": false
              }
            ],
            "secondary_disk": [],
            "service_account_id": "",
            "status": "running",
            "timeouts": null,
            "zone": "ru-central1-c"
          },
          "sensitive_attributes": [],
          "private": "eyJlMmJmYjczMC1lY2FhLTExZTYtOGY4OC0zNDM2M2JjN2M0YzAiOnsiY3JlYXRlIjozMDAwMDAwMDAwMDAsImRlbGV0ZSI6MzAwMDAwMDAwMDAwLCJ1cGRhdGUiOjMwMDAwMDAwMDAwMH0sInNjaGVtYV92ZXJzaW9uIjoiMSJ9",
          "dependencies": [
            "yandex_vpc_network.network-1",
            "yandex_vpc_subnet.subnet-1"
          ]
        },
        {
          "index_key": 1,
          "schema_version": 1,
          "attributes": {
            "allow_stopping_for_update": null,
            "boot_disk": [
              {
                "auto_delete": true,
                "device_name": "ef3t796umoimgvggbtkj",
                "disk_id": "ef3t796umoimgvggbtkj",
                "initialize_params": [
                  {
                    "description": "",
                    "image_id": "fd83klic6c8gfgi40urb",
                    "name": "",
                    "size": 3,
                    "snapshot_id": "",
                    "type": "network-hdd"
                  }
                ],
                "mode": "READ_WRITE"
              }
            ],
            "created_at": "2021-10-15T09:34:07Z",
            "description": "",
            "folder_id": "b1g5dp1pciuk5oqnra39",
            "fqdn": "ef3bdv3c3gtlcthng518.auto.internal",
            "hostname": "ef3bdv3c3gtlcthng518",
            "id": "ef3bdv3c3gtlcthng518",
            "labels": null,
            "metadata": {
              "ssh-keys": "ubuntu:ssh-rsa AAAAB3NzaC1yc2EAAAADAQABAAABAQC7WPr8GJ4MQrL1ZSwcnKExfjY6XB143AM6ZMhP+UwJKaA/7wlRW80et/S5Zn/+L1Eo47JN5g5J9g8b67mdQlNLOOI1ovivxQ7MonQ4zWdscb81NM09z5EmVDgsYjSpFjKvHqEmMrQnGa8S2+ncJogXPyTzmdDgfbq48ITqMGy8JNiuXnk7WwfVjzN7r3dtlEERGdpSav5CfpwfOhgafy/T3QOwVSUN5KYFs+hqV4mN843g9H3e0cSkBzM1onptRdH1v7XiyAMGBrZHL57WOX+NT6YJAwTNlzPOdJDMQ2xwM1/KPcfDi0YXFeZLL1981MmgW35he8ZBexuzjCWFBAlx dv@hermes\n"
            },
            "name": "fe1",
            "network_acceleration_type": "standard",
            "network_interface": [
              {
                "dns_record": [],
                "index": 0,
                "ip_address": "192.168.6.13",
                "ipv4": true,
                "ipv6": false,
                "ipv6_address": "",
                "ipv6_dns_record": [],
                "mac_address": "d0:0d:b6:fc:6c:1c",
                "nat": true,
                "nat_dns_record": [],
                "nat_ip_address": "178.154.210.69",
                "nat_ip_version": "IPV4",
                "security_group_ids": [],
                "subnet_id": "b0cpreomas2lh7a2veii"
              }
            ],
            "placement_policy": [
              {
                "placement_group_id": ""
              }
            ],
            "platform_id": "standard-v1",
            "resources": [
              {
                "core_fraction": 100,
                "cores": 2,
                "gpus": 0,
                "memory": 2
              }
            ],
            "scheduling_policy": [
              {
                "preemptible": false
              }
            ],
            "secondary_disk": [],
            "service_account_id": "",
            "status": "running",
            "timeouts": null,
            "zone": "ru-central1-c"
          },
          "sensitive_attributes": [],
          "private": "eyJlMmJmYjczMC1lY2FhLTExZTYtOGY4OC0zNDM2M2JjN2M0YzAiOnsiY3JlYXRlIjozMDAwMDAwMDAwMDAsImRlbGV0ZSI6MzAwMDAwMDAwMDAwLCJ1cGRhdGUiOjMwMDAwMDAwMDAwMH0sInNjaGVtYV92ZXJzaW9uIjoiMSJ9",
          "dependencies": [
            "yandex_vpc_network.network-1",
            "yandex_vpc_subnet.subnet-1"
          ]
        }
      ]
    },
    {
      "mode": "managed",
      "type": "yandex_compute_instance",
      "name": "iscsi",
      "provider": "provider[\"registry.terraform.io/yandex-cloud/yandex\"]",
      "instances": [
        {
          "schema_version": 1,
          "attributes": {
            "allow_stopping_for_update": null,
            "boot_disk": [
              {
                "auto_delete": true,
                "device_name": "ef3ucsu6o5ct0jtm119h",
                "disk_id": "ef3ucsu6o5ct0jtm119h",
                "initialize_params": [
                  {
                    "description": "",
                    "image_id": "fd83869rbingor0in0ui",
                    "name": "",
                    "size": 8,
                    "snapshot_id": "",
                    "type": "network-hdd"
                  }
                ],
                "mode": "READ_WRITE"
              }
            ],
            "created_at": "2021-10-15T09:34:11Z",
            "description": "",
            "folder_id": "b1g5dp1pciuk5oqnra39",
            "fqdn": "ef3iddvl09vch0ktu62b.auto.internal",
            "hostname": "ef3iddvl09vch0ktu62b",
            "id": "ef3iddvl09vch0ktu62b",
            "labels": null,
            "metadata": {
              "ssh-keys": "centos:ssh-rsa AAAAB3NzaC1yc2EAAAADAQABAAABAQC7WPr8GJ4MQrL1ZSwcnKExfjY6XB143AM6ZMhP+UwJKaA/7wlRW80et/S5Zn/+L1Eo47JN5g5J9g8b67mdQlNLOOI1ovivxQ7MonQ4zWdscb81NM09z5EmVDgsYjSpFjKvHqEmMrQnGa8S2+ncJogXPyTzmdDgfbq48ITqMGy8JNiuXnk7WwfVjzN7r3dtlEERGdpSav5CfpwfOhgafy/T3QOwVSUN5KYFs+hqV4mN843g9H3e0cSkBzM1onptRdH1v7XiyAMGBrZHL57WOX+NT6YJAwTNlzPOdJDMQ2xwM1/KPcfDi0YXFeZLL1981MmgW35he8ZBexuzjCWFBAlx dv@hermes\n"
            },
            "name": "iscsi",
            "network_acceleration_type": "standard",
            "network_interface": [
              {
                "dns_record": [],
                "index": 0,
                "ip_address": "192.168.6.34",
                "ipv4": true,
                "ipv6": false,
                "ipv6_address": "",
                "ipv6_dns_record": [],
                "mac_address": "d0:0d:12:6b:7f:50",
                "nat": true,
                "nat_dns_record": [],
                "nat_ip_address": "178.154.209.117",
                "nat_ip_version": "IPV4",
                "security_group_ids": [],
                "subnet_id": "b0cpreomas2lh7a2veii"
              }
            ],
            "placement_policy": [
              {
                "placement_group_id": ""
              }
            ],
            "platform_id": "standard-v1",
            "resources": [
              {
                "core_fraction": 100,
                "cores": 2,
                "gpus": 0,
                "memory": 2
              }
            ],
            "scheduling_policy": [
              {
                "preemptible": false
              }
            ],
            "secondary_disk": [
              {
                "auto_delete": false,
                "device_name": "ef3q8inc575bfgu8qsqm",
                "disk_id": "ef3q8inc575bfgu8qsqm",
                "mode": "READ_WRITE"
              }
            ],
            "service_account_id": "",
            "status": "running",
            "timeouts": null,
            "zone": "ru-central1-c"
          },
          "sensitive_attributes": [],
          "private": "eyJlMmJmYjczMC1lY2FhLTExZTYtOGY4OC0zNDM2M2JjN2M0YzAiOnsiY3JlYXRlIjozMDAwMDAwMDAwMDAsImRlbGV0ZSI6MzAwMDAwMDAwMDAwLCJ1cGRhdGUiOjMwMDAwMDAwMDAwMH0sInNjaGVtYV92ZXJzaW9uIjoiMSJ9",
          "dependencies": [
            "yandex_compute_disk.iscsi_disk",
            "yandex_vpc_network.network-1",
            "yandex_vpc_subnet.subnet-1"
          ]
        }
      ]
    },
    {
      "mode": "managed",
      "type": "yandex_compute_instance",
      "name": "origin",
      "provider": "provider[\"registry.terraform.io/yandex-cloud/yandex\"]",
      "instances": [
        {
          "schema_version": 1,
          "attributes": {
            "allow_stopping_for_update": null,
            "boot_disk": [
              {
                "auto_delete": true,
                "device_name": "ef3lc03ro4csq2u3277u",
                "disk_id": "ef3lc03ro4csq2u3277u",
                "initialize_params": [
                  {
                    "description": "",
                    "image_id": "fd83klic6c8gfgi40urb",
                    "name": "",
                    "size": 3,
                    "snapshot_id": "",
                    "type": "network-hdd"
                  }
                ],
                "mode": "READ_WRITE"
              }
            ],
            "created_at": "2021-10-15T09:34:07Z",
            "description": "",
            "folder_id": "b1g5dp1pciuk5oqnra39",
            "fqdn": "ef3smbrruc853cp4ehbq.auto.internal",
            "hostname": "ef3smbrruc853cp4ehbq",
            "id": "ef3smbrruc853cp4ehbq",
            "labels": null,
            "metadata": {
              "ssh-keys": "ubuntu:ssh-rsa AAAAB3NzaC1yc2EAAAADAQABAAABAQC7WPr8GJ4MQrL1ZSwcnKExfjY6XB143AM6ZMhP+UwJKaA/7wlRW80et/S5Zn/+L1Eo47JN5g5J9g8b67mdQlNLOOI1ovivxQ7MonQ4zWdscb81NM09z5EmVDgsYjSpFjKvHqEmMrQnGa8S2+ncJogXPyTzmdDgfbq48ITqMGy8JNiuXnk7WwfVjzN7r3dtlEERGdpSav5CfpwfOhgafy/T3QOwVSUN5KYFs+hqV4mN843g9H3e0cSkBzM1onptRdH1v7XiyAMGBrZHL57WOX+NT6YJAwTNlzPOdJDMQ2xwM1/KPcfDi0YXFeZLL1981MmgW35he8ZBexuzjCWFBAlx dv@hermes\n"
            },
            "name": "origin",
            "network_acceleration_type": "standard",
            "network_interface": [
              {
                "dns_record": [],
                "index": 0,
                "ip_address": "192.168.6.32",
                "ipv4": true,
                "ipv6": false,
                "ipv6_address": "",
                "ipv6_dns_record": [],
                "mac_address": "d0:0d:1c:b2:f7:bf",
                "nat": true,
                "nat_dns_record": [],
                "nat_ip_address": "178.154.215.74",
                "nat_ip_version": "IPV4",
                "security_group_ids": [],
                "subnet_id": "b0cpreomas2lh7a2veii"
              }
            ],
            "placement_policy": [
              {
                "placement_group_id": ""
              }
            ],
            "platform_id": "standard-v1",
            "resources": [
              {
                "core_fraction": 100,
                "cores": 2,
                "gpus": 0,
                "memory": 2
              }
            ],
            "scheduling_policy": [
              {
                "preemptible": false
              }
            ],
            "secondary_disk": [],
            "service_account_id": "",
            "status": "running",
            "timeouts": null,
            "zone": "ru-central1-c"
          },
          "sensitive_attributes": [],
          "private": "eyJlMmJmYjczMC1lY2FhLTExZTYtOGY4OC0zNDM2M2JjN2M0YzAiOnsiY3JlYXRlIjozMDAwMDAwMDAwMDAsImRlbGV0ZSI6MzAwMDAwMDAwMDAwLCJ1cGRhdGUiOjMwMDAwMDAwMDAwMH0sInNjaGVtYV92ZXJzaW9uIjoiMSJ9",
          "dependencies": [
            "yandex_vpc_network.network-1",
            "yandex_vpc_subnet.subnet-1"
          ]
        }
      ]
    },
    {
      "mode": "managed",
      "type": "yandex_compute_instance",
      "name": "web",
      "provider": "provider[\"registry.terraform.io/yandex-cloud/yandex\"]",
      "instances": [
        {
          "index_key": 0,
          "schema_version": 1,
          "attributes": {
            "allow_stopping_for_update": null,
            "boot_disk": [
              {
                "auto_delete": true,
                "device_name": "ef3m71vlln1vmc9v1egl",
                "disk_id": "ef3m71vlln1vmc9v1egl",
                "initialize_params": [
                  {
                    "description": "",
                    "image_id": "fd83869rbingor0in0ui",
                    "name": "",
                    "size": 8,
                    "snapshot_id": "",
                    "type": "network-hdd"
                  }
                ],
                "mode": "READ_WRITE"
              }
            ],
            "created_at": "2021-10-15T09:34:07Z",
            "description": "",
            "folder_id": "b1g5dp1pciuk5oqnra39",
            "fqdn": "ef3t1ujq6ro14vs2ltvi.auto.internal",
            "hostname": "ef3t1ujq6ro14vs2ltvi",
            "id": "ef3t1ujq6ro14vs2ltvi",
            "labels": null,
            "metadata": {
              "ssh-keys": "centos:ssh-rsa AAAAB3NzaC1yc2EAAAADAQABAAABAQC7WPr8GJ4MQrL1ZSwcnKExfjY6XB143AM6ZMhP+UwJKaA/7wlRW80et/S5Zn/+L1Eo47JN5g5J9g8b67mdQlNLOOI1ovivxQ7MonQ4zWdscb81NM09z5EmVDgsYjSpFjKvHqEmMrQnGa8S2+ncJogXPyTzmdDgfbq48ITqMGy8JNiuXnk7WwfVjzN7r3dtlEERGdpSav5CfpwfOhgafy/T3QOwVSUN5KYFs+hqV4mN843g9H3e0cSkBzM1onptRdH1v7XiyAMGBrZHL57WOX+NT6YJAwTNlzPOdJDMQ2xwM1/KPcfDi0YXFeZLL1981MmgW35he8ZBexuzjCWFBAlx dv@hermes\n"
            },
            "name": "web0",
            "network_acceleration_type": "standard",
            "network_interface": [
              {
                "dns_record": [],
                "index": 0,
                "ip_address": "192.168.6.22",
                "ipv4": true,
                "ipv6": false,
                "ipv6_address": "",
                "ipv6_dns_record": [],
                "mac_address": "d0:0d:1d:0f:a7:a3",
                "nat": true,
                "nat_dns_record": [],
                "nat_ip_address": "178.154.215.213",
                "nat_ip_version": "IPV4",
                "security_group_ids": [],
                "subnet_id": "b0cpreomas2lh7a2veii"
              }
            ],
            "placement_policy": [
              {
                "placement_group_id": ""
              }
            ],
            "platform_id": "standard-v1",
            "resources": [
              {
                "core_fraction": 100,
                "cores": 2,
                "gpus": 0,
                "memory": 2
              }
            ],
            "scheduling_policy": [
              {
                "preemptible": false
              }
            ],
            "secondary_disk": [],
            "service_account_id": "",
            "status": "running",
            "timeouts": null,
            "zone": "ru-central1-c"
          },
          "sensitive_attributes": [],
          "private": "eyJlMmJmYjczMC1lY2FhLTExZTYtOGY4OC0zNDM2M2JjN2M0YzAiOnsiY3JlYXRlIjozMDAwMDAwMDAwMDAsImRlbGV0ZSI6MzAwMDAwMDAwMDAwLCJ1cGRhdGUiOjMwMDAwMDAwMDAwMH0sInNjaGVtYV92ZXJzaW9uIjoiMSJ9",
          "dependencies": [
            "yandex_vpc_network.network-1",
            "yandex_vpc_subnet.subnet-1"
          ]
        },
        {
          "index_key": 1,
          "schema_version": 1,
          "attributes": {
            "allow_stopping_for_update": null,
            "boot_disk": [
              {
                "auto_delete": true,
                "device_name": "ef3q6e216h3alm1b4v8k",
                "disk_id": "ef3q6e216h3alm1b4v8k",
                "initialize_params": [
                  {
                    "description": "",
                    "image_id": "fd83869rbingor0in0ui",
                    "name": "",
                    "size": 8,
                    "snapshot_id": "",
                    "type": "network-hdd"
                  }
                ],
                "mode": "READ_WRITE"
              }
            ],
            "created_at": "2021-10-15T09:34:07Z",
            "description": "",
            "folder_id": "b1g5dp1pciuk5oqnra39",
            "fqdn": "ef3kgp77q1idhrbqu1bl.auto.internal",
            "hostname": "ef3kgp77q1idhrbqu1bl",
            "id": "ef3kgp77q1idhrbqu1bl",
            "labels": null,
            "metadata": {
              "ssh-keys": "centos:ssh-rsa AAAAB3NzaC1yc2EAAAADAQABAAABAQC7WPr8GJ4MQrL1ZSwcnKExfjY6XB143AM6ZMhP+UwJKaA/7wlRW80et/S5Zn/+L1Eo47JN5g5J9g8b67mdQlNLOOI1ovivxQ7MonQ4zWdscb81NM09z5EmVDgsYjSpFjKvHqEmMrQnGa8S2+ncJogXPyTzmdDgfbq48ITqMGy8JNiuXnk7WwfVjzN7r3dtlEERGdpSav5CfpwfOhgafy/T3QOwVSUN5KYFs+hqV4mN843g9H3e0cSkBzM1onptRdH1v7XiyAMGBrZHL57WOX+NT6YJAwTNlzPOdJDMQ2xwM1/KPcfDi0YXFeZLL1981MmgW35he8ZBexuzjCWFBAlx dv@hermes\n"
            },
            "name": "web1",
            "network_acceleration_type": "standard",
            "network_interface": [
              {
                "dns_record": [],
                "index": 0,
                "ip_address": "192.168.6.24",
                "ipv4": true,
                "ipv6": false,
                "ipv6_address": "",
                "ipv6_dns_record": [],
                "mac_address": "d0:0d:14:86:4e:7d",
                "nat": true,
                "nat_dns_record": [],
                "nat_ip_address": "178.154.210.114",
                "nat_ip_version": "IPV4",
                "security_group_ids": [],
                "subnet_id": "b0cpreomas2lh7a2veii"
              }
            ],
            "placement_policy": [
              {
                "placement_group_id": ""
              }
            ],
            "platform_id": "standard-v1",
            "resources": [
              {
                "core_fraction": 100,
                "cores": 2,
                "gpus": 0,
                "memory": 2
              }
            ],
            "scheduling_policy": [
              {
                "preemptible": false
              }
            ],
            "secondary_disk": [],
            "service_account_id": "",
            "status": "running",
            "timeouts": null,
            "zone": "ru-central1-c"
          },
          "sensitive_attributes": [],
          "private": "eyJlMmJmYjczMC1lY2FhLTExZTYtOGY4OC0zNDM2M2JjN2M0YzAiOnsiY3JlYXRlIjozMDAwMDAwMDAwMDAsImRlbGV0ZSI6MzAwMDAwMDAwMDAwLCJ1cGRhdGUiOjMwMDAwMDAwMDAwMH0sInNjaGVtYV92ZXJzaW9uIjoiMSJ9",
          "dependencies": [
            "yandex_vpc_network.network-1",
            "yandex_vpc_subnet.subnet-1"
          ]
        },
        {
          "index_key": 2,
          "schema_version": 1,
          "attributes": {
            "allow_stopping_for_update": null,
            "boot_disk": [
              {
                "auto_delete": true,
                "device_name": "ef39obh5o0hmdr7v70k7",
                "disk_id": "ef39obh5o0hmdr7v70k7",
                "initialize_params": [
                  {
                    "description": "",
                    "image_id": "fd83869rbingor0in0ui",
                    "name": "",
                    "size": 8,
                    "snapshot_id": "",
                    "type": "network-hdd"
                  }
                ],
                "mode": "READ_WRITE"
              }
            ],
            "created_at": "2021-10-15T09:34:07Z",
            "description": "",
            "folder_id": "b1g5dp1pciuk5oqnra39",
            "fqdn": "ef3l0qlspaith12b0091.auto.internal",
            "hostname": "ef3l0qlspaith12b0091",
            "id": "ef3l0qlspaith12b0091",
            "labels": null,
            "metadata": {
              "ssh-keys": "centos:ssh-rsa AAAAB3NzaC1yc2EAAAADAQABAAABAQC7WPr8GJ4MQrL1ZSwcnKExfjY6XB143AM6ZMhP+UwJKaA/7wlRW80et/S5Zn/+L1Eo47JN5g5J9g8b67mdQlNLOOI1ovivxQ7MonQ4zWdscb81NM09z5EmVDgsYjSpFjKvHqEmMrQnGa8S2+ncJogXPyTzmdDgfbq48ITqMGy8JNiuXnk7WwfVjzN7r3dtlEERGdpSav5CfpwfOhgafy/T3QOwVSUN5KYFs+hqV4mN843g9H3e0cSkBzM1onptRdH1v7XiyAMGBrZHL57WOX+NT6YJAwTNlzPOdJDMQ2xwM1/KPcfDi0YXFeZLL1981MmgW35he8ZBexuzjCWFBAlx dv@hermes\n"
            },
            "name": "web2",
            "network_acceleration_type": "standard",
            "network_interface": [
              {
                "dns_record": [],
                "index": 0,
                "ip_address": "192.168.6.26",
                "ipv4": true,
                "ipv6": false,
                "ipv6_address": "",
                "ipv6_dns_record": [],
                "mac_address": "d0:0d:15:06:ab:cc",
                "nat": true,
                "nat_dns_record": [],
                "nat_ip_address": "178.154.214.10",
                "nat_ip_version": "IPV4",
                "security_group_ids": [],
                "subnet_id": "b0cpreomas2lh7a2veii"
              }
            ],
            "placement_policy": [
              {
                "placement_group_id": ""
              }
            ],
            "platform_id": "standard-v1",
            "resources": [
              {
                "core_fraction": 100,
                "cores": 2,
                "gpus": 0,
                "memory": 2
              }
            ],
            "scheduling_policy": [
              {
                "preemptible": false
              }
            ],
            "secondary_disk": [],
            "service_account_id": "",
            "status": "running",
            "timeouts": null,
            "zone": "ru-central1-c"
          },
          "sensitive_attributes": [],
          "private": "eyJlMmJmYjczMC1lY2FhLTExZTYtOGY4OC0zNDM2M2JjN2M0YzAiOnsiY3JlYXRlIjozMDAwMDAwMDAwMDAsImRlbGV0ZSI6MzAwMDAwMDAwMDAwLCJ1cGRhdGUiOjMwMDAwMDAwMDAwMH0sInNjaGVtYV92ZXJzaW9uIjoiMSJ9",
          "dependencies": [
            "yandex_vpc_network.network-1",
            "yandex_vpc_subnet.subnet-1"
          ]
        }
      ]
    },
    {
      "mode": "managed",
      "type": "yandex_vpc_network",
      "name": "network-1",
      "provider": "provider[\"registry.terraform.io/yandex-cloud/yandex\"]",
      "instances": [
        {
          "schema_version": 0,
          "attributes": {
            "created_at": "2021-10-15T09:34:05Z",
            "default_security_group_id": "",
            "description": "",
            "folder_id": "b1g5dp1pciuk5oqnra39",
            "id": "enpi1fetpedqt1fs552j",
            "labels": {},
            "name": "network1",
            "subnet_ids": [],
            "timeouts": null
          },
          "sensitive_attributes": [],
          "private": "eyJlMmJmYjczMC1lY2FhLTExZTYtOGY4OC0zNDM2M2JjN2M0YzAiOnsiY3JlYXRlIjo2MDAwMDAwMDAwMCwiZGVsZXRlIjo2MDAwMDAwMDAwMCwidXBkYXRlIjo2MDAwMDAwMDAwMH19"
        }
      ]
    },
    {
      "mode": "managed",
      "type": "yandex_vpc_subnet",
      "name": "subnet-1",
      "provider": "provider[\"registry.terraform.io/yandex-cloud/yandex\"]",
      "instances": [
        {
          "schema_version": 0,
          "attributes": {
            "created_at": "2021-10-15T09:34:06Z",
            "description": "",
            "dhcp_options": [],
            "folder_id": "b1g5dp1pciuk5oqnra39",
            "id": "b0cpreomas2lh7a2veii",
            "labels": {},
            "name": "subnet1",
            "network_id": "enpi1fetpedqt1fs552j",
            "route_table_id": "",
            "timeouts": null,
            "v4_cidr_blocks": [
              "192.168.6.0/24"
            ],
            "v6_cidr_blocks": [],
            "zone": "ru-central1-c"
          },
          "sensitive_attributes": [],
          "private": "eyJlMmJmYjczMC1lY2FhLTExZTYtOGY4OC0zNDM2M2JjN2M0YzAiOnsiY3JlYXRlIjoxODAwMDAwMDAwMDAsImRlbGV0ZSI6MTgwMDAwMDAwMDAwLCJ1cGRhdGUiOjE4MDAwMDAwMDAwMH19",
          "dependencies": [
            "yandex_vpc_network.network-1"
          ]
        }
      ]
    }
  ]
}
